// !$*UTF8*$!
{
	archiveVersion = 1;
	classes = {
	};
	objectVersion = 46;
	objects = {

/* Begin PBXBuildFile section */
		C3313B561B902C4A007B5709 /* H.h in Headers */ = {isa = PBXBuildFile; fileRef = C3313B541B902C4A007B5709 /* H.h */; settings = {ATTRIBUTES = (Public, ); }; };
		C3313B571B902C4A007B5709 /* H.m in Sources */ = {isa = PBXBuildFile; fileRef = C3313B551B902C4A007B5709 /* H.m */; };
		C3313B5C1B903237007B5709 /* HTest.m in Sources */ = {isa = PBXBuildFile; fileRef = C3313B5B1B903237007B5709 /* HTest.m */; };
		C3313B5E1B90328B007B5709 /* URLRequesterTest.m in Sources */ = {isa = PBXBuildFile; fileRef = C3313B5D1B90328B007B5709 /* URLRequesterTest.m */; };
		C3373CD91B8EA5E80006A4A0 /* URLRequester.h in Headers */ = {isa = PBXBuildFile; fileRef = C3373CD71B8EA5E80006A4A0 /* URLRequester.h */; settings = {ATTRIBUTES = (Public, ); }; };
		C3373CDA1B8EA5E80006A4A0 /* URLRequester.m in Sources */ = {isa = PBXBuildFile; fileRef = C3373CD81B8EA5E80006A4A0 /* URLRequester.m */; };
		C3373CE31B8EE30E0006A4A0 /* MultipartBuilder.h in Headers */ = {isa = PBXBuildFile; fileRef = C3373CE11B8EE30E0006A4A0 /* MultipartBuilder.h */; settings = {ATTRIBUTES = (Public, ); }; };
		C3373CE41B8EE30E0006A4A0 /* MultipartBuilder.m in Sources */ = {isa = PBXBuildFile; fileRef = C3373CE21B8EE30E0006A4A0 /* MultipartBuilder.m */; };
		C3373CF41B8F26390006A4A0 /* NSInputStreamWrapper.h in Headers */ = {isa = PBXBuildFile; fileRef = C3373CF21B8F26390006A4A0 /* NSInputStreamWrapper.h */; settings = {ATTRIBUTES = (Public, ); }; };
		C3373CF51B8F26390006A4A0 /* NSInputStreamWrapper.m in Sources */ = {isa = PBXBuildFile; fileRef = C3373CF31B8F26390006A4A0 /* NSInputStreamWrapper.m */; };
		C3373D081B8F36470006A4A0 /* LogTest.swift in Sources */ = {isa = PBXBuildFile; fileRef = C3E4EED41B8C59ED00B275D8 /* LogTest.swift */; };
		C3373D091B8F36470006A4A0 /* OcLTest.m in Sources */ = {isa = PBXBuildFile; fileRef = C3E4EEDB1B8C5A8100B275D8 /* OcLTest.m */; };
		C3373D0A1B8F36470006A4A0 /* UtilTest.swift in Sources */ = {isa = PBXBuildFile; fileRef = C3E4EED71B8C59ED00B275D8 /* UtilTest.swift */; };
		C3373D0B1B8F36470006A4A0 /* iwfTests.swift in Sources */ = {isa = PBXBuildFile; fileRef = C3E4EE861B8C3F3D00B275D8 /* iwfTests.swift */; };
		C3373D0D1B8F40FC0006A4A0 /* MultipartBuilderTest.m in Sources */ = {isa = PBXBuildFile; fileRef = C3373D0C1B8F40FC0006A4A0 /* MultipartBuilderTest.m */; };
		C3466ABC1B90033100C302E7 /* MobileCoreServices.framework in Frameworks */ = {isa = PBXBuildFile; fileRef = C3466ABB1B90033100C302E7 /* MobileCoreServices.framework */; };
		C3466ABE1B90041700C302E7 /* iwfocTest.m in Sources */ = {isa = PBXBuildFile; fileRef = C3466ABD1B90041700C302E7 /* iwfocTest.m */; };
		C35D94E01B9310B5002C41F1 /* NSDataInputStream.h in Headers */ = {isa = PBXBuildFile; fileRef = C35D94DE1B9310B5002C41F1 /* NSDataInputStream.h */; settings = {ATTRIBUTES = (Public, ); }; };
		C35D94E11B9310B5002C41F1 /* NSDataInputStream.m in Sources */ = {isa = PBXBuildFile; fileRef = C35D94DF1B9310B5002C41F1 /* NSDataInputStream.m */; };
		C3C1FCF91B8FF44B00A64957 /* iwf.framework in Frameworks */ = {isa = PBXBuildFile; fileRef = C3E4EE741B8C3F3D00B275D8 /* iwf.framework */; };
		C3DBA96E1B93F1AD008E51C5 /* LineDrawer.h in Headers */ = {isa = PBXBuildFile; fileRef = C3DBA9501B93F1AD008E51C5 /* LineDrawer.h */; settings = {ATTRIBUTES = (Public, ); }; };
		C3DBA96F1B93F1AD008E51C5 /* LineDrawer.m in Sources */ = {isa = PBXBuildFile; fileRef = C3DBA9511B93F1AD008E51C5 /* LineDrawer.m */; };
		C3DBA9701B93F1AD008E51C5 /* NSRefreshProxy.h in Headers */ = {isa = PBXBuildFile; fileRef = C3DBA9521B93F1AD008E51C5 /* NSRefreshProxy.h */; settings = {ATTRIBUTES = (Public, ); }; };
		C3DBA9711B93F1AD008E51C5 /* NSRefreshProxy.m in Sources */ = {isa = PBXBuildFile; fileRef = C3DBA9531B93F1AD008E51C5 /* NSRefreshProxy.m */; };
		C3DBA9721B93F1AD008E51C5 /* UIBorderView.h in Headers */ = {isa = PBXBuildFile; fileRef = C3DBA9541B93F1AD008E51C5 /* UIBorderView.h */; settings = {ATTRIBUTES = (Public, ); }; };
		C3DBA9731B93F1AD008E51C5 /* UIBorderView.m in Sources */ = {isa = PBXBuildFile; fileRef = C3DBA9551B93F1AD008E51C5 /* UIBorderView.m */; };
		C3DBA9741B93F1AD008E51C5 /* UIBoundsImageView.h in Headers */ = {isa = PBXBuildFile; fileRef = C3DBA9561B93F1AD008E51C5 /* UIBoundsImageView.h */; settings = {ATTRIBUTES = (Public, ); }; };
		C3DBA9751B93F1AD008E51C5 /* UIBoundsImageView.m in Sources */ = {isa = PBXBuildFile; fileRef = C3DBA9571B93F1AD008E51C5 /* UIBoundsImageView.m */; };
		C3DBA9771B93F1AD008E51C5 /* UIImgPageControl.m in Sources */ = {isa = PBXBuildFile; fileRef = C3DBA9591B93F1AD008E51C5 /* UIImgPageControl.m */; };
		C3DBA9781B93F1AD008E51C5 /* UIFocusView.h in Headers */ = {isa = PBXBuildFile; fileRef = C3DBA95A1B93F1AD008E51C5 /* UIFocusView.h */; settings = {ATTRIBUTES = (Public, ); }; };
		C3DBA9791B93F1AD008E51C5 /* UIFocusView.m in Sources */ = {isa = PBXBuildFile; fileRef = C3DBA95B1B93F1AD008E51C5 /* UIFocusView.m */; };
		C3DBA97A1B93F1AD008E51C5 /* UILineView.h in Headers */ = {isa = PBXBuildFile; fileRef = C3DBA95C1B93F1AD008E51C5 /* UILineView.h */; settings = {ATTRIBUTES = (Public, ); }; };
		C3DBA97B1B93F1AD008E51C5 /* UILineView.m in Sources */ = {isa = PBXBuildFile; fileRef = C3DBA95D1B93F1AD008E51C5 /* UILineView.m */; };
		C3DBA97C1B93F1AD008E51C5 /* UIPlaceHolderTextView.h in Headers */ = {isa = PBXBuildFile; fileRef = C3DBA95E1B93F1AD008E51C5 /* UIPlaceHolderTextView.h */; settings = {ATTRIBUTES = (Public, ); }; };
		C3DBA97D1B93F1AD008E51C5 /* UIPlaceHolderTextView.m in Sources */ = {isa = PBXBuildFile; fileRef = C3DBA95F1B93F1AD008E51C5 /* UIPlaceHolderTextView.m */; };
		C3DBA97E1B93F1AD008E51C5 /* UIPushTreeView.h in Headers */ = {isa = PBXBuildFile; fileRef = C3DBA9601B93F1AD008E51C5 /* UIPushTreeView.h */; settings = {ATTRIBUTES = (Public, ); }; };
		C3DBA97F1B93F1AD008E51C5 /* UIPushTreeView.m in Sources */ = {isa = PBXBuildFile; fileRef = C3DBA9611B93F1AD008E51C5 /* UIPushTreeView.m */; };
		C3DBA9801B93F1AD008E51C5 /* UIRefreshView.h in Headers */ = {isa = PBXBuildFile; fileRef = C3DBA9621B93F1AD008E51C5 /* UIRefreshView.h */; settings = {ATTRIBUTES = (Public, ); }; };
		C3DBA9811B93F1AD008E51C5 /* UIRefreshView.m in Sources */ = {isa = PBXBuildFile; fileRef = C3DBA9631B93F1AD008E51C5 /* UIRefreshView.m */; };
		C3DBA9821B93F1AD008E51C5 /* UIRefreshViewDelegate.h in Headers */ = {isa = PBXBuildFile; fileRef = C3DBA9641B93F1AD008E51C5 /* UIRefreshViewDelegate.h */; settings = {ATTRIBUTES = (Public, ); }; };
		C3DBA9831B93F1AD008E51C5 /* UIStarView.h in Headers */ = {isa = PBXBuildFile; fileRef = C3DBA9651B93F1AD008E51C5 /* UIStarView.h */; settings = {ATTRIBUTES = (Public, ); }; };
		C3DBA9841B93F1AD008E51C5 /* UIStarView.m in Sources */ = {isa = PBXBuildFile; fileRef = C3DBA9661B93F1AD008E51C5 /* UIStarView.m */; };
		C3DBA9851B93F1AD008E51C5 /* UITableExtView.h in Headers */ = {isa = PBXBuildFile; fileRef = C3DBA9671B93F1AD008E51C5 /* UITableExtView.h */; settings = {ATTRIBUTES = (Public, ); }; };
		C3DBA9861B93F1AD008E51C5 /* UITableExtView.m in Sources */ = {isa = PBXBuildFile; fileRef = C3DBA9681B93F1AD008E51C5 /* UITableExtView.m */; };
		C3DBA9871B93F1AD008E51C5 /* UITreeView.h in Headers */ = {isa = PBXBuildFile; fileRef = C3DBA9691B93F1AD008E51C5 /* UITreeView.h */; settings = {ATTRIBUTES = (Public, ); }; };
		C3DBA9881B93F1AD008E51C5 /* UITreeView.m in Sources */ = {isa = PBXBuildFile; fileRef = C3DBA96A1B93F1AD008E51C5 /* UITreeView.m */; };
		C3DBA9891B93F1AD008E51C5 /* UIWebExtView.dat in Resources */ = {isa = PBXBuildFile; fileRef = C3DBA96B1B93F1AD008E51C5 /* UIWebExtView.dat */; };
		C3DBA98A1B93F1AD008E51C5 /* UIWebExtView.h in Headers */ = {isa = PBXBuildFile; fileRef = C3DBA96C1B93F1AD008E51C5 /* UIWebExtView.h */; settings = {ATTRIBUTES = (Public, ); }; };
		C3DBA98B1B93F1AD008E51C5 /* UIWebExtView.m in Sources */ = {isa = PBXBuildFile; fileRef = C3DBA96D1B93F1AD008E51C5 /* UIWebExtView.m */; };
		C3E4EE7A1B8C3F3D00B275D8 /* iwf.h in Headers */ = {isa = PBXBuildFile; fileRef = C3E4EE791B8C3F3D00B275D8 /* iwf.h */; settings = {ATTRIBUTES = (Public, ); }; };
		C3E4EE9B1B8C3F8400B275D8 /* NSSLiteBuilder.h in Headers */ = {isa = PBXBuildFile; fileRef = C3E4EE911B8C3F8400B275D8 /* NSSLiteBuilder.h */; settings = {ATTRIBUTES = (Public, ); }; };
		C3E4EE9C1B8C3F8400B275D8 /* NSSLiteBuilder.m in Sources */ = {isa = PBXBuildFile; fileRef = C3E4EE921B8C3F8400B275D8 /* NSSLiteBuilder.m */; };
		C3E4EE9E1B8C3F8400B275D8 /* CoreMethod.m in Sources */ = {isa = PBXBuildFile; fileRef = C3E4EE931B8C3F8400B275D8 /* CoreMethod.m */; };
		C3E4EEA01B8C3F8400B275D8 /* NSGImage.m in Sources */ = {isa = PBXBuildFile; fileRef = C3E4EE941B8C3F8400B275D8 /* NSGImage.m */; };
		C3E4EEA21B8C3F8400B275D8 /* NSLineString.m in Sources */ = {isa = PBXBuildFile; fileRef = C3E4EE951B8C3F8400B275D8 /* NSLineString.m */; };
		C3E4EEA41B8C3F8400B275D8 /* NSPart.m in Sources */ = {isa = PBXBuildFile; fileRef = C3E4EE961B8C3F8400B275D8 /* NSPart.m */; };
		C3E4EEA61B8C3F8400B275D8 /* CoreMethod.h in Headers */ = {isa = PBXBuildFile; fileRef = C3E4EE971B8C3F8400B275D8 /* CoreMethod.h */; settings = {ATTRIBUTES = (Public, ); }; };
		C3E4EEA71B8C3F8400B275D8 /* NSGImage.h in Headers */ = {isa = PBXBuildFile; fileRef = C3E4EE981B8C3F8400B275D8 /* NSGImage.h */; settings = {ATTRIBUTES = (Public, ); }; };
		C3E4EEA81B8C3F8400B275D8 /* NSLineString.h in Headers */ = {isa = PBXBuildFile; fileRef = C3E4EE991B8C3F8400B275D8 /* NSLineString.h */; settings = {ATTRIBUTES = (Public, ); }; };
		C3E4EEA91B8C3F8400B275D8 /* NSPart.h in Headers */ = {isa = PBXBuildFile; fileRef = C3E4EE9A1B8C3F8400B275D8 /* NSPart.h */; settings = {ATTRIBUTES = (Public, ); }; };
		C3E4EEAB1B8C3FA100B275D8 /* libsqlite3.dylib in Frameworks */ = {isa = PBXBuildFile; fileRef = C3E4EEAA1B8C3FA100B275D8 /* libsqlite3.dylib */; };
		C3E4EEAC1B8C3FB400B275D8 /* libsqlite3.dylib in Frameworks */ = {isa = PBXBuildFile; fileRef = C3E4EEAA1B8C3FA100B275D8 /* libsqlite3.dylib */; };
		C3E4EEB01B8C407000B275D8 /* ClassExt.m in Sources */ = {isa = PBXBuildFile; fileRef = C3E4EEAE1B8C407000B275D8 /* ClassExt.m */; };
		C3E4EEB21B8C407000B275D8 /* ClassExt.h in Headers */ = {isa = PBXBuildFile; fileRef = C3E4EEAF1B8C407000B275D8 /* ClassExt.h */; settings = {ATTRIBUTES = (Public, ); }; };
		C3E4EEB51B8C409E00B275D8 /* GeneralDef.h in Headers */ = {isa = PBXBuildFile; fileRef = C3E4EEB41B8C409E00B275D8 /* GeneralDef.h */; settings = {ATTRIBUTES = (Public, ); }; };
		C3E4EEBE1B8C414C00B275D8 /* FLogWriter.swift in Sources */ = {isa = PBXBuildFile; fileRef = C3E4EEBC1B8C414C00B275D8 /* FLogWriter.swift */; };
		C3E4EEC01B8C414C00B275D8 /* Log.swift in Sources */ = {isa = PBXBuildFile; fileRef = C3E4EEBD1B8C414C00B275D8 /* Log.swift */; };
		C3E4EEC41B8C417800B275D8 /* Util.swift in Sources */ = {isa = PBXBuildFile; fileRef = C3E4EEC31B8C417800B275D8 /* Util.swift */; };
		C3E4EED01B8C4D7C00B275D8 /* OcL.h in Headers */ = {isa = PBXBuildFile; fileRef = C3E4EECE1B8C4D7C00B275D8 /* OcL.h */; settings = {ATTRIBUTES = (Public, ); }; };
		C3E4EED11B8C4D7C00B275D8 /* OcL.m in Sources */ = {isa = PBXBuildFile; fileRef = C3E4EECF1B8C4D7C00B275D8 /* OcL.m */; };
		C3FB0A071B944C0B0084C3A1 /* ClassExtTest.m in Sources */ = {isa = PBXBuildFile; fileRef = C3FB0A061B944C0B0084C3A1 /* ClassExtTest.m */; };
/* End PBXBuildFile section */

/* Begin PBXContainerItemProxy section */
		C3E4EE811B8C3F3D00B275D8 /* PBXContainerItemProxy */ = {
			isa = PBXContainerItemProxy;
			containerPortal = C3E4EE6B1B8C3F3D00B275D8 /* Project object */;
			proxyType = 1;
			remoteGlobalIDString = C3E4EE731B8C3F3D00B275D8;
			remoteInfo = iwf;
		};
/* End PBXContainerItemProxy section */

/* Begin PBXFileReference section */
		C3313B541B902C4A007B5709 /* H.h */ = {isa = PBXFileReference; fileEncoding = 4; lastKnownFileType = sourcecode.c.h; name = H.h; path = net/http/H.h; sourceTree = "<group>"; };
		C3313B551B902C4A007B5709 /* H.m */ = {isa = PBXFileReference; fileEncoding = 4; lastKnownFileType = sourcecode.c.objc; name = H.m; path = net/http/H.m; sourceTree = "<group>"; };
		C3313B5B1B903237007B5709 /* HTest.m */ = {isa = PBXFileReference; fileEncoding = 4; lastKnownFileType = sourcecode.c.objc; name = HTest.m; path = net/http/HTest.m; sourceTree = "<group>"; };
		C3313B5D1B90328B007B5709 /* URLRequesterTest.m */ = {isa = PBXFileReference; fileEncoding = 4; lastKnownFileType = sourcecode.c.objc; name = URLRequesterTest.m; path = net/http/URLRequesterTest.m; sourceTree = "<group>"; };
		C3313B5F1B903341007B5709 /* Var.h */ = {isa = PBXFileReference; lastKnownFileType = sourcecode.c.h; name = Var.h; path = net/http/Var.h; sourceTree = "<group>"; };
		C3373CD71B8EA5E80006A4A0 /* URLRequester.h */ = {isa = PBXFileReference; fileEncoding = 4; lastKnownFileType = sourcecode.c.h; name = URLRequester.h; path = net/http/URLRequester.h; sourceTree = "<group>"; };
		C3373CD81B8EA5E80006A4A0 /* URLRequester.m */ = {isa = PBXFileReference; fileEncoding = 4; lastKnownFileType = sourcecode.c.objc; name = URLRequester.m; path = net/http/URLRequester.m; sourceTree = "<group>"; };
		C3373CE11B8EE30E0006A4A0 /* MultipartBuilder.h */ = {isa = PBXFileReference; fileEncoding = 4; lastKnownFileType = sourcecode.c.h; name = MultipartBuilder.h; path = net/http/MultipartBuilder.h; sourceTree = "<group>"; };
		C3373CE21B8EE30E0006A4A0 /* MultipartBuilder.m */ = {isa = PBXFileReference; fileEncoding = 4; lastKnownFileType = sourcecode.c.objc; name = MultipartBuilder.m; path = net/http/MultipartBuilder.m; sourceTree = "<group>"; };
		C3373CF21B8F26390006A4A0 /* NSInputStreamWrapper.h */ = {isa = PBXFileReference; fileEncoding = 4; lastKnownFileType = sourcecode.c.h; name = NSInputStreamWrapper.h; path = io/NSInputStreamWrapper.h; sourceTree = "<group>"; };
		C3373CF31B8F26390006A4A0 /* NSInputStreamWrapper.m */ = {isa = PBXFileReference; fileEncoding = 4; lastKnownFileType = sourcecode.c.objc; name = NSInputStreamWrapper.m; path = io/NSInputStreamWrapper.m; sourceTree = "<group>"; };
		C3373D0C1B8F40FC0006A4A0 /* MultipartBuilderTest.m */ = {isa = PBXFileReference; fileEncoding = 4; lastKnownFileType = sourcecode.c.objc; name = MultipartBuilderTest.m; path = net/http/MultipartBuilderTest.m; sourceTree = "<group>"; };
		C3466ABB1B90033100C302E7 /* MobileCoreServices.framework */ = {isa = PBXFileReference; lastKnownFileType = wrapper.framework; name = MobileCoreServices.framework; path = System/Library/Frameworks/MobileCoreServices.framework; sourceTree = SDKROOT; };
		C3466ABD1B90041700C302E7 /* iwfocTest.m */ = {isa = PBXFileReference; fileEncoding = 4; lastKnownFileType = sourcecode.c.objc; path = iwfocTest.m; sourceTree = "<group>"; };
		C35D94DE1B9310B5002C41F1 /* NSDataInputStream.h */ = {isa = PBXFileReference; fileEncoding = 4; lastKnownFileType = sourcecode.c.h; name = NSDataInputStream.h; path = io/NSDataInputStream.h; sourceTree = "<group>"; };
		C35D94DF1B9310B5002C41F1 /* NSDataInputStream.m */ = {isa = PBXFileReference; fileEncoding = 4; lastKnownFileType = sourcecode.c.objc; name = NSDataInputStream.m; path = io/NSDataInputStream.m; sourceTree = "<group>"; };
		C3DBA9501B93F1AD008E51C5 /* LineDrawer.h */ = {isa = PBXFileReference; fileEncoding = 4; lastKnownFileType = sourcecode.c.h; path = LineDrawer.h; sourceTree = "<group>"; };
		C3DBA9511B93F1AD008E51C5 /* LineDrawer.m */ = {isa = PBXFileReference; fileEncoding = 4; lastKnownFileType = sourcecode.c.objc; path = LineDrawer.m; sourceTree = "<group>"; };
		C3DBA9521B93F1AD008E51C5 /* NSRefreshProxy.h */ = {isa = PBXFileReference; fileEncoding = 4; lastKnownFileType = sourcecode.c.h; path = NSRefreshProxy.h; sourceTree = "<group>"; };
		C3DBA9531B93F1AD008E51C5 /* NSRefreshProxy.m */ = {isa = PBXFileReference; fileEncoding = 4; lastKnownFileType = sourcecode.c.objc; path = NSRefreshProxy.m; sourceTree = "<group>"; };
		C3DBA9541B93F1AD008E51C5 /* UIBorderView.h */ = {isa = PBXFileReference; fileEncoding = 4; lastKnownFileType = sourcecode.c.h; path = UIBorderView.h; sourceTree = "<group>"; };
		C3DBA9551B93F1AD008E51C5 /* UIBorderView.m */ = {isa = PBXFileReference; fileEncoding = 4; lastKnownFileType = sourcecode.c.objc; path = UIBorderView.m; sourceTree = "<group>"; };
		C3DBA9561B93F1AD008E51C5 /* UIBoundsImageView.h */ = {isa = PBXFileReference; fileEncoding = 4; lastKnownFileType = sourcecode.c.h; path = UIBoundsImageView.h; sourceTree = "<group>"; };
		C3DBA9571B93F1AD008E51C5 /* UIBoundsImageView.m */ = {isa = PBXFileReference; fileEncoding = 4; lastKnownFileType = sourcecode.c.objc; path = UIBoundsImageView.m; sourceTree = "<group>"; };
		C3DBA9581B93F1AD008E51C5 /* UIImgPageControl.h */ = {isa = PBXFileReference; fileEncoding = 4; lastKnownFileType = sourcecode.c.h; path = UIImgPageControl.h; sourceTree = "<group>"; };
		C3DBA9591B93F1AD008E51C5 /* UIImgPageControl.m */ = {isa = PBXFileReference; fileEncoding = 4; lastKnownFileType = sourcecode.c.objc; path = UIImgPageControl.m; sourceTree = "<group>"; };
		C3DBA95A1B93F1AD008E51C5 /* UIFocusView.h */ = {isa = PBXFileReference; fileEncoding = 4; lastKnownFileType = sourcecode.c.h; path = UIFocusView.h; sourceTree = "<group>"; };
		C3DBA95B1B93F1AD008E51C5 /* UIFocusView.m */ = {isa = PBXFileReference; fileEncoding = 4; lastKnownFileType = sourcecode.c.objc; path = UIFocusView.m; sourceTree = "<group>"; };
		C3DBA95C1B93F1AD008E51C5 /* UILineView.h */ = {isa = PBXFileReference; fileEncoding = 4; lastKnownFileType = sourcecode.c.h; path = UILineView.h; sourceTree = "<group>"; };
		C3DBA95D1B93F1AD008E51C5 /* UILineView.m */ = {isa = PBXFileReference; fileEncoding = 4; lastKnownFileType = sourcecode.c.objc; path = UILineView.m; sourceTree = "<group>"; };
		C3DBA95E1B93F1AD008E51C5 /* UIPlaceHolderTextView.h */ = {isa = PBXFileReference; fileEncoding = 4; lastKnownFileType = sourcecode.c.h; path = UIPlaceHolderTextView.h; sourceTree = "<group>"; };
		C3DBA95F1B93F1AD008E51C5 /* UIPlaceHolderTextView.m */ = {isa = PBXFileReference; fileEncoding = 4; lastKnownFileType = sourcecode.c.objc; path = UIPlaceHolderTextView.m; sourceTree = "<group>"; };
		C3DBA9601B93F1AD008E51C5 /* UIPushTreeView.h */ = {isa = PBXFileReference; fileEncoding = 4; lastKnownFileType = sourcecode.c.h; path = UIPushTreeView.h; sourceTree = "<group>"; };
		C3DBA9611B93F1AD008E51C5 /* UIPushTreeView.m */ = {isa = PBXFileReference; fileEncoding = 4; lastKnownFileType = sourcecode.c.objc; path = UIPushTreeView.m; sourceTree = "<group>"; };
		C3DBA9621B93F1AD008E51C5 /* UIRefreshView.h */ = {isa = PBXFileReference; fileEncoding = 4; lastKnownFileType = sourcecode.c.h; path = UIRefreshView.h; sourceTree = "<group>"; };
		C3DBA9631B93F1AD008E51C5 /* UIRefreshView.m */ = {isa = PBXFileReference; fileEncoding = 4; lastKnownFileType = sourcecode.c.objc; path = UIRefreshView.m; sourceTree = "<group>"; };
		C3DBA9641B93F1AD008E51C5 /* UIRefreshViewDelegate.h */ = {isa = PBXFileReference; fileEncoding = 4; lastKnownFileType = sourcecode.c.h; path = UIRefreshViewDelegate.h; sourceTree = "<group>"; };
		C3DBA9651B93F1AD008E51C5 /* UIStarView.h */ = {isa = PBXFileReference; fileEncoding = 4; lastKnownFileType = sourcecode.c.h; path = UIStarView.h; sourceTree = "<group>"; };
		C3DBA9661B93F1AD008E51C5 /* UIStarView.m */ = {isa = PBXFileReference; fileEncoding = 4; lastKnownFileType = sourcecode.c.objc; path = UIStarView.m; sourceTree = "<group>"; };
		C3DBA9671B93F1AD008E51C5 /* UITableExtView.h */ = {isa = PBXFileReference; fileEncoding = 4; lastKnownFileType = sourcecode.c.h; path = UITableExtView.h; sourceTree = "<group>"; };
		C3DBA9681B93F1AD008E51C5 /* UITableExtView.m */ = {isa = PBXFileReference; fileEncoding = 4; lastKnownFileType = sourcecode.c.objc; path = UITableExtView.m; sourceTree = "<group>"; };
		C3DBA9691B93F1AD008E51C5 /* UITreeView.h */ = {isa = PBXFileReference; fileEncoding = 4; lastKnownFileType = sourcecode.c.h; path = UITreeView.h; sourceTree = "<group>"; };
		C3DBA96A1B93F1AD008E51C5 /* UITreeView.m */ = {isa = PBXFileReference; fileEncoding = 4; lastKnownFileType = sourcecode.c.objc; path = UITreeView.m; sourceTree = "<group>"; };
		C3DBA96B1B93F1AD008E51C5 /* UIWebExtView.dat */ = {isa = PBXFileReference; fileEncoding = 4; lastKnownFileType = text; path = UIWebExtView.dat; sourceTree = "<group>"; };
		C3DBA96C1B93F1AD008E51C5 /* UIWebExtView.h */ = {isa = PBXFileReference; fileEncoding = 4; lastKnownFileType = sourcecode.c.h; path = UIWebExtView.h; sourceTree = "<group>"; };
		C3DBA96D1B93F1AD008E51C5 /* UIWebExtView.m */ = {isa = PBXFileReference; fileEncoding = 4; lastKnownFileType = sourcecode.c.objc; path = UIWebExtView.m; sourceTree = "<group>"; };
		C3E4EE741B8C3F3D00B275D8 /* iwf.framework */ = {isa = PBXFileReference; explicitFileType = wrapper.framework; includeInIndex = 0; path = iwf.framework; sourceTree = BUILT_PRODUCTS_DIR; };
		C3E4EE781B8C3F3D00B275D8 /* Info.plist */ = {isa = PBXFileReference; lastKnownFileType = text.plist.xml; path = Info.plist; sourceTree = "<group>"; };
		C3E4EE791B8C3F3D00B275D8 /* iwf.h */ = {isa = PBXFileReference; lastKnownFileType = sourcecode.c.h; path = iwf.h; sourceTree = "<group>"; };
		C3E4EE7F1B8C3F3D00B275D8 /* iwfTests.xctest */ = {isa = PBXFileReference; explicitFileType = wrapper.cfbundle; includeInIndex = 0; path = iwfTests.xctest; sourceTree = BUILT_PRODUCTS_DIR; };
		C3E4EE851B8C3F3D00B275D8 /* Info.plist */ = {isa = PBXFileReference; lastKnownFileType = text.plist.xml; path = Info.plist; sourceTree = "<group>"; };
		C3E4EE861B8C3F3D00B275D8 /* iwfTests.swift */ = {isa = PBXFileReference; lastKnownFileType = sourcecode.swift; path = iwfTests.swift; sourceTree = "<group>"; };
		C3E4EE911B8C3F8400B275D8 /* NSSLiteBuilder.h */ = {isa = PBXFileReference; fileEncoding = 4; lastKnownFileType = sourcecode.c.h; name = NSSLiteBuilder.h; path = core/NSSLiteBuilder.h; sourceTree = "<group>"; };
		C3E4EE921B8C3F8400B275D8 /* NSSLiteBuilder.m */ = {isa = PBXFileReference; fileEncoding = 4; lastKnownFileType = sourcecode.c.objc; name = NSSLiteBuilder.m; path = core/NSSLiteBuilder.m; sourceTree = "<group>"; };
		C3E4EE931B8C3F8400B275D8 /* CoreMethod.m */ = {isa = PBXFileReference; fileEncoding = 4; lastKnownFileType = sourcecode.c.objc; name = CoreMethod.m; path = core/CoreMethod.m; sourceTree = "<group>"; };
		C3E4EE941B8C3F8400B275D8 /* NSGImage.m */ = {isa = PBXFileReference; fileEncoding = 4; lastKnownFileType = sourcecode.c.objc; name = NSGImage.m; path = core/NSGImage.m; sourceTree = "<group>"; };
		C3E4EE951B8C3F8400B275D8 /* NSLineString.m */ = {isa = PBXFileReference; fileEncoding = 4; lastKnownFileType = sourcecode.c.objc; name = NSLineString.m; path = core/NSLineString.m; sourceTree = "<group>"; };
		C3E4EE961B8C3F8400B275D8 /* NSPart.m */ = {isa = PBXFileReference; fileEncoding = 4; lastKnownFileType = sourcecode.c.objc; name = NSPart.m; path = core/NSPart.m; sourceTree = "<group>"; };
		C3E4EE971B8C3F8400B275D8 /* CoreMethod.h */ = {isa = PBXFileReference; fileEncoding = 4; lastKnownFileType = sourcecode.c.h; name = CoreMethod.h; path = core/CoreMethod.h; sourceTree = "<group>"; };
		C3E4EE981B8C3F8400B275D8 /* NSGImage.h */ = {isa = PBXFileReference; fileEncoding = 4; lastKnownFileType = sourcecode.c.h; name = NSGImage.h; path = core/NSGImage.h; sourceTree = "<group>"; };
		C3E4EE991B8C3F8400B275D8 /* NSLineString.h */ = {isa = PBXFileReference; fileEncoding = 4; lastKnownFileType = sourcecode.c.h; name = NSLineString.h; path = core/NSLineString.h; sourceTree = "<group>"; };
		C3E4EE9A1B8C3F8400B275D8 /* NSPart.h */ = {isa = PBXFileReference; fileEncoding = 4; lastKnownFileType = sourcecode.c.h; name = NSPart.h; path = core/NSPart.h; sourceTree = "<group>"; };
		C3E4EEAA1B8C3FA100B275D8 /* libsqlite3.dylib */ = {isa = PBXFileReference; lastKnownFileType = "compiled.mach-o.dylib"; name = libsqlite3.dylib; path = usr/lib/libsqlite3.dylib; sourceTree = SDKROOT; };
		C3E4EEAE1B8C407000B275D8 /* ClassExt.m */ = {isa = PBXFileReference; fileEncoding = 4; lastKnownFileType = sourcecode.c.objc; name = ClassExt.m; path = ext/ClassExt.m; sourceTree = "<group>"; };
		C3E4EEAF1B8C407000B275D8 /* ClassExt.h */ = {isa = PBXFileReference; fileEncoding = 4; lastKnownFileType = sourcecode.c.h; name = ClassExt.h; path = ext/ClassExt.h; sourceTree = "<group>"; };
		C3E4EEB41B8C409E00B275D8 /* GeneralDef.h */ = {isa = PBXFileReference; fileEncoding = 4; lastKnownFileType = sourcecode.c.h; path = GeneralDef.h; sourceTree = "<group>"; };
		C3E4EEBC1B8C414C00B275D8 /* FLogWriter.swift */ = {isa = PBXFileReference; fileEncoding = 4; lastKnownFileType = sourcecode.swift; name = FLogWriter.swift; path = log/FLogWriter.swift; sourceTree = "<group>"; };
		C3E4EEBD1B8C414C00B275D8 /* Log.swift */ = {isa = PBXFileReference; fileEncoding = 4; lastKnownFileType = sourcecode.swift; name = Log.swift; path = log/Log.swift; sourceTree = "<group>"; };
		C3E4EEC31B8C417800B275D8 /* Util.swift */ = {isa = PBXFileReference; fileEncoding = 4; lastKnownFileType = sourcecode.swift; path = Util.swift; sourceTree = "<group>"; };
		C3E4EECE1B8C4D7C00B275D8 /* OcL.h */ = {isa = PBXFileReference; fileEncoding = 4; lastKnownFileType = sourcecode.c.h; name = OcL.h; path = log/OcL.h; sourceTree = "<group>"; };
		C3E4EECF1B8C4D7C00B275D8 /* OcL.m */ = {isa = PBXFileReference; fileEncoding = 4; lastKnownFileType = sourcecode.c.objc; name = OcL.m; path = log/OcL.m; sourceTree = "<group>"; };
		C3E4EED41B8C59ED00B275D8 /* LogTest.swift */ = {isa = PBXFileReference; fileEncoding = 4; lastKnownFileType = sourcecode.swift; path = LogTest.swift; sourceTree = "<group>"; };
		C3E4EED71B8C59ED00B275D8 /* UtilTest.swift */ = {isa = PBXFileReference; fileEncoding = 4; lastKnownFileType = sourcecode.swift; path = UtilTest.swift; sourceTree = "<group>"; };
		C3E4EEDB1B8C5A8100B275D8 /* OcLTest.m */ = {isa = PBXFileReference; fileEncoding = 4; lastKnownFileType = sourcecode.c.objc; path = OcLTest.m; sourceTree = "<group>"; };
		C3FB0A061B944C0B0084C3A1 /* ClassExtTest.m */ = {isa = PBXFileReference; fileEncoding = 4; lastKnownFileType = sourcecode.c.objc; name = ClassExtTest.m; path = ext/ClassExtTest.m; sourceTree = "<group>"; };
/* End PBXFileReference section */

/* Begin PBXFrameworksBuildPhase section */
		C3E4EE701B8C3F3D00B275D8 /* Frameworks */ = {
			isa = PBXFrameworksBuildPhase;
			buildActionMask = 2147483647;
			files = (
				C3466ABC1B90033100C302E7 /* MobileCoreServices.framework in Frameworks */,
				C3E4EEAB1B8C3FA100B275D8 /* libsqlite3.dylib in Frameworks */,
			);
			runOnlyForDeploymentPostprocessing = 0;
		};
		C3E4EE7C1B8C3F3D00B275D8 /* Frameworks */ = {
			isa = PBXFrameworksBuildPhase;
			buildActionMask = 2147483647;
			files = (
				C3C1FCF91B8FF44B00A64957 /* iwf.framework in Frameworks */,
				C3E4EEAC1B8C3FB400B275D8 /* libsqlite3.dylib in Frameworks */,
			);
			runOnlyForDeploymentPostprocessing = 0;
		};
/* End PBXFrameworksBuildPhase section */

/* Begin PBXGroup section */
		C3373CD51B8EA57A0006A4A0 /* net */ = {
			isa = PBXGroup;
			children = (
				C3373CD61B8EA5860006A4A0 /* http */,
			);
			name = net;
			sourceTree = "<group>";
		};
		C3373CD61B8EA5860006A4A0 /* http */ = {
			isa = PBXGroup;
			children = (
				C3373CD71B8EA5E80006A4A0 /* URLRequester.h */,
				C3373CD81B8EA5E80006A4A0 /* URLRequester.m */,
				C3373CE11B8EE30E0006A4A0 /* MultipartBuilder.h */,
				C3373CE21B8EE30E0006A4A0 /* MultipartBuilder.m */,
				C3313B541B902C4A007B5709 /* H.h */,
				C3313B551B902C4A007B5709 /* H.m */,
			);
			name = http;
			sourceTree = "<group>";
		};
		C3373CEB1B8F02340006A4A0 /* net */ = {
			isa = PBXGroup;
			children = (
				C3373CEC1B8F023A0006A4A0 /* http */,
			);
			name = net;
			sourceTree = "<group>";
		};
		C3373CEC1B8F023A0006A4A0 /* http */ = {
			isa = PBXGroup;
			children = (
				C3373D0C1B8F40FC0006A4A0 /* MultipartBuilderTest.m */,
				C3313B5B1B903237007B5709 /* HTest.m */,
				C3313B5D1B90328B007B5709 /* URLRequesterTest.m */,
				C3313B5F1B903341007B5709 /* Var.h */,
			);
			name = http;
			sourceTree = "<group>";
		};
		C3373CF11B8F260C0006A4A0 /* io */ = {
			isa = PBXGroup;
			children = (
				C3373CF21B8F26390006A4A0 /* NSInputStreamWrapper.h */,
				C3373CF31B8F26390006A4A0 /* NSInputStreamWrapper.m */,
				C35D94DE1B9310B5002C41F1 /* NSDataInputStream.h */,
				C35D94DF1B9310B5002C41F1 /* NSDataInputStream.m */,
			);
			name = io;
			sourceTree = "<group>";
		};
		C3DBA94F1B93F1AD008E51C5 /* ui */ = {
			isa = PBXGroup;
			children = (
				C3DBA9501B93F1AD008E51C5 /* LineDrawer.h */,
				C3DBA9511B93F1AD008E51C5 /* LineDrawer.m */,
				C3DBA9521B93F1AD008E51C5 /* NSRefreshProxy.h */,
				C3DBA9531B93F1AD008E51C5 /* NSRefreshProxy.m */,
				C3DBA9541B93F1AD008E51C5 /* UIBorderView.h */,
				C3DBA9551B93F1AD008E51C5 /* UIBorderView.m */,
				C3DBA9561B93F1AD008E51C5 /* UIBoundsImageView.h */,
				C3DBA9571B93F1AD008E51C5 /* UIBoundsImageView.m */,
				C3DBA9581B93F1AD008E51C5 /* UIImgPageControl.h */,
				C3DBA9591B93F1AD008E51C5 /* UIImgPageControl.m */,
				C3DBA95A1B93F1AD008E51C5 /* UIFocusView.h */,
				C3DBA95B1B93F1AD008E51C5 /* UIFocusView.m */,
				C3DBA95C1B93F1AD008E51C5 /* UILineView.h */,
				C3DBA95D1B93F1AD008E51C5 /* UILineView.m */,
				C3DBA95E1B93F1AD008E51C5 /* UIPlaceHolderTextView.h */,
				C3DBA95F1B93F1AD008E51C5 /* UIPlaceHolderTextView.m */,
				C3DBA9601B93F1AD008E51C5 /* UIPushTreeView.h */,
				C3DBA9611B93F1AD008E51C5 /* UIPushTreeView.m */,
				C3DBA9621B93F1AD008E51C5 /* UIRefreshView.h */,
				C3DBA9631B93F1AD008E51C5 /* UIRefreshView.m */,
				C3DBA9641B93F1AD008E51C5 /* UIRefreshViewDelegate.h */,
				C3DBA9651B93F1AD008E51C5 /* UIStarView.h */,
				C3DBA9661B93F1AD008E51C5 /* UIStarView.m */,
				C3DBA9671B93F1AD008E51C5 /* UITableExtView.h */,
				C3DBA9681B93F1AD008E51C5 /* UITableExtView.m */,
				C3DBA9691B93F1AD008E51C5 /* UITreeView.h */,
				C3DBA96A1B93F1AD008E51C5 /* UITreeView.m */,
				C3DBA96B1B93F1AD008E51C5 /* UIWebExtView.dat */,
				C3DBA96C1B93F1AD008E51C5 /* UIWebExtView.h */,
				C3DBA96D1B93F1AD008E51C5 /* UIWebExtView.m */,
			);
			path = ui;
			sourceTree = "<group>";
		};
		C3E4EE6A1B8C3F3D00B275D8 = {
			isa = PBXGroup;
			children = (
				C3E4EE761B8C3F3D00B275D8 /* iwf */,
				C3E4EE831B8C3F3D00B275D8 /* iwfTests */,
				C3E4EEAD1B8C3FBE00B275D8 /* libs */,
				C3E4EE751B8C3F3D00B275D8 /* Products */,
			);
			sourceTree = "<group>";
		};
		C3E4EE751B8C3F3D00B275D8 /* Products */ = {
			isa = PBXGroup;
			children = (
				C3E4EE741B8C3F3D00B275D8 /* iwf.framework */,
				C3E4EE7F1B8C3F3D00B275D8 /* iwfTests.xctest */,
			);
			name = Products;
			sourceTree = "<group>";
		};
		C3E4EE761B8C3F3D00B275D8 /* iwf */ = {
			isa = PBXGroup;
			children = (
				C3DBA94F1B93F1AD008E51C5 /* ui */,
				C3373CF11B8F260C0006A4A0 /* io */,
				C3373CD51B8EA57A0006A4A0 /* net */,
				C3E4EE901B8C3F5E00B275D8 /* core */,
				C3E4EEB31B8C407600B275D8 /* ext */,
				C3E4EEB61B8C40F900B275D8 /* log */,
				C3E4EEC21B8C417800B275D8 /* util */,
				C3E4EE791B8C3F3D00B275D8 /* iwf.h */,
				C3E4EEB41B8C409E00B275D8 /* GeneralDef.h */,
				C3E4EE771B8C3F3D00B275D8 /* Supporting Files */,
			);
			path = iwf;
			sourceTree = "<group>";
		};
		C3E4EE771B8C3F3D00B275D8 /* Supporting Files */ = {
			isa = PBXGroup;
			children = (
				C3E4EE781B8C3F3D00B275D8 /* Info.plist */,
			);
			name = "Supporting Files";
			sourceTree = "<group>";
		};
		C3E4EE831B8C3F3D00B275D8 /* iwfTests */ = {
			isa = PBXGroup;
			children = (
				C3FB0A051B944BD70084C3A1 /* ext */,
				C3373CEB1B8F02340006A4A0 /* net */,
				C3E4EED31B8C59ED00B275D8 /* log */,
				C3E4EED61B8C59ED00B275D8 /* util */,
				C3E4EE861B8C3F3D00B275D8 /* iwfTests.swift */,
				C3466ABD1B90041700C302E7 /* iwfocTest.m */,
				C3E4EE841B8C3F3D00B275D8 /* Supporting Files */,
			);
			path = iwfTests;
			sourceTree = "<group>";
		};
		C3E4EE841B8C3F3D00B275D8 /* Supporting Files */ = {
			isa = PBXGroup;
			children = (
				C3E4EE851B8C3F3D00B275D8 /* Info.plist */,
			);
			name = "Supporting Files";
			sourceTree = "<group>";
		};
		C3E4EE901B8C3F5E00B275D8 /* core */ = {
			isa = PBXGroup;
			children = (
				C3E4EE911B8C3F8400B275D8 /* NSSLiteBuilder.h */,
				C3E4EE921B8C3F8400B275D8 /* NSSLiteBuilder.m */,
				C3E4EE971B8C3F8400B275D8 /* CoreMethod.h */,
				C3E4EE931B8C3F8400B275D8 /* CoreMethod.m */,
				C3E4EE981B8C3F8400B275D8 /* NSGImage.h */,
				C3E4EE941B8C3F8400B275D8 /* NSGImage.m */,
				C3E4EE991B8C3F8400B275D8 /* NSLineString.h */,
				C3E4EE951B8C3F8400B275D8 /* NSLineString.m */,
				C3E4EE9A1B8C3F8400B275D8 /* NSPart.h */,
				C3E4EE961B8C3F8400B275D8 /* NSPart.m */,
			);
			name = core;
			sourceTree = "<group>";
		};
		C3E4EEAD1B8C3FBE00B275D8 /* libs */ = {
			isa = PBXGroup;
			children = (
				C3E4EEAA1B8C3FA100B275D8 /* libsqlite3.dylib */,
				C3466ABB1B90033100C302E7 /* MobileCoreServices.framework */,
			);
			name = libs;
			sourceTree = "<group>";
		};
		C3E4EEB31B8C407600B275D8 /* ext */ = {
			isa = PBXGroup;
			children = (
				C3E4EEAF1B8C407000B275D8 /* ClassExt.h */,
				C3E4EEAE1B8C407000B275D8 /* ClassExt.m */,
			);
			name = ext;
			sourceTree = "<group>";
		};
		C3E4EEB61B8C40F900B275D8 /* log */ = {
			isa = PBXGroup;
			children = (
				C3E4EEBC1B8C414C00B275D8 /* FLogWriter.swift */,
				C3E4EEBD1B8C414C00B275D8 /* Log.swift */,
				C3E4EECE1B8C4D7C00B275D8 /* OcL.h */,
				C3E4EECF1B8C4D7C00B275D8 /* OcL.m */,
			);
			name = log;
			sourceTree = "<group>";
		};
		C3E4EEC21B8C417800B275D8 /* util */ = {
			isa = PBXGroup;
			children = (
				C3E4EEC31B8C417800B275D8 /* Util.swift */,
			);
			path = util;
			sourceTree = "<group>";
		};
		C3E4EED31B8C59ED00B275D8 /* log */ = {
			isa = PBXGroup;
			children = (
				C3E4EED41B8C59ED00B275D8 /* LogTest.swift */,
				C3E4EEDB1B8C5A8100B275D8 /* OcLTest.m */,
			);
			path = log;
			sourceTree = "<group>";
		};
		C3E4EED61B8C59ED00B275D8 /* util */ = {
			isa = PBXGroup;
			children = (
				C3E4EED71B8C59ED00B275D8 /* UtilTest.swift */,
			);
			path = util;
			sourceTree = "<group>";
		};
		C3FB0A051B944BD70084C3A1 /* ext */ = {
			isa = PBXGroup;
			children = (
				C3FB0A061B944C0B0084C3A1 /* ClassExtTest.m */,
			);
			name = ext;
			sourceTree = "<group>";
		};
/* End PBXGroup section */

/* Begin PBXHeadersBuildPhase section */
		C3E4EE711B8C3F3D00B275D8 /* Headers */ = {
			isa = PBXHeadersBuildPhase;
			buildActionMask = 2147483647;
			files = (
				C3E4EEA61B8C3F8400B275D8 /* CoreMethod.h in Headers */,
				C3E4EE7A1B8C3F3D00B275D8 /* iwf.h in Headers */,
				C3E4EEA91B8C3F8400B275D8 /* NSPart.h in Headers */,
				C3E4EE9B1B8C3F8400B275D8 /* NSSLiteBuilder.h in Headers */,
				C3E4EEA81B8C3F8400B275D8 /* NSLineString.h in Headers */,
				C3E4EEB21B8C407000B275D8 /* ClassExt.h in Headers */,
				C3E4EEB51B8C409E00B275D8 /* GeneralDef.h in Headers */,
				C3373CD91B8EA5E80006A4A0 /* URLRequester.h in Headers */,
				C3DBA97A1B93F1AD008E51C5 /* UILineView.h in Headers */,
				C3DBA9741B93F1AD008E51C5 /* UIBoundsImageView.h in Headers */,
				C3DBA97E1B93F1AD008E51C5 /* UIPushTreeView.h in Headers */,
				C3DBA9851B93F1AD008E51C5 /* UITableExtView.h in Headers */,
				C3DBA9871B93F1AD008E51C5 /* UITreeView.h in Headers */,
				C3DBA9701B93F1AD008E51C5 /* NSRefreshProxy.h in Headers */,
				C3DBA96E1B93F1AD008E51C5 /* LineDrawer.h in Headers */,
				C3DBA9801B93F1AD008E51C5 /* UIRefreshView.h in Headers */,
				C3DBA9781B93F1AD008E51C5 /* UIFocusView.h in Headers */,
				C3DBA9721B93F1AD008E51C5 /* UIBorderView.h in Headers */,
				C3DBA9831B93F1AD008E51C5 /* UIStarView.h in Headers */,
				C3DBA97C1B93F1AD008E51C5 /* UIPlaceHolderTextView.h in Headers */,
				C3DBA98A1B93F1AD008E51C5 /* UIWebExtView.h in Headers */,
				C3DBA9821B93F1AD008E51C5 /* UIRefreshViewDelegate.h in Headers */,
				C3E4EED01B8C4D7C00B275D8 /* OcL.h in Headers */,
				C3373CE31B8EE30E0006A4A0 /* MultipartBuilder.h in Headers */,
				C3373CF41B8F26390006A4A0 /* NSInputStreamWrapper.h in Headers */,
				C3313B561B902C4A007B5709 /* H.h in Headers */,
				C3E4EEA71B8C3F8400B275D8 /* NSGImage.h in Headers */,
				C35D94E01B9310B5002C41F1 /* NSDataInputStream.h in Headers */,
			);
			runOnlyForDeploymentPostprocessing = 0;
		};
/* End PBXHeadersBuildPhase section */

/* Begin PBXNativeTarget section */
		C3E4EE731B8C3F3D00B275D8 /* iwf */ = {
			isa = PBXNativeTarget;
			buildConfigurationList = C3E4EE8A1B8C3F3D00B275D8 /* Build configuration list for PBXNativeTarget "iwf" */;
			buildPhases = (
				C3E4EE6F1B8C3F3D00B275D8 /* Sources */,
				C3E4EE701B8C3F3D00B275D8 /* Frameworks */,
				C3E4EE711B8C3F3D00B275D8 /* Headers */,
				C3E4EE721B8C3F3D00B275D8 /* Resources */,
			);
			buildRules = (
			);
			dependencies = (
			);
			name = iwf;
			productName = iwf;
			productReference = C3E4EE741B8C3F3D00B275D8 /* iwf.framework */;
			productType = "com.apple.product-type.framework";
		};
		C3E4EE7E1B8C3F3D00B275D8 /* iwfTests */ = {
			isa = PBXNativeTarget;
			buildConfigurationList = C3E4EE8D1B8C3F3D00B275D8 /* Build configuration list for PBXNativeTarget "iwfTests" */;
			buildPhases = (
				C3E4EE7B1B8C3F3D00B275D8 /* Sources */,
				C3E4EE7C1B8C3F3D00B275D8 /* Frameworks */,
				C3E4EE7D1B8C3F3D00B275D8 /* Resources */,
				C32193921BA9499900EB2594 /* ShellScript */,
			);
			buildRules = (
			);
			dependencies = (
				C3E4EE821B8C3F3D00B275D8 /* PBXTargetDependency */,
			);
			name = iwfTests;
			productName = iwfTests;
			productReference = C3E4EE7F1B8C3F3D00B275D8 /* iwfTests.xctest */;
			productType = "com.apple.product-type.bundle.unit-test";
		};
/* End PBXNativeTarget section */

/* Begin PBXProject section */
		C3E4EE6B1B8C3F3D00B275D8 /* Project object */ = {
			isa = PBXProject;
			attributes = {
				LastUpgradeCheck = 0640;
				ORGANIZATIONNAME = Snows;
				TargetAttributes = {
					C3E4EE731B8C3F3D00B275D8 = {
						CreatedOnToolsVersion = 6.4;
					};
					C3E4EE7E1B8C3F3D00B275D8 = {
						CreatedOnToolsVersion = 6.4;
					};
				};
			};
			buildConfigurationList = C3E4EE6E1B8C3F3D00B275D8 /* Build configuration list for PBXProject "iwf" */;
			compatibilityVersion = "Xcode 3.2";
			developmentRegion = English;
			hasScannedForEncodings = 0;
			knownRegions = (
				en,
			);
			mainGroup = C3E4EE6A1B8C3F3D00B275D8;
			productRefGroup = C3E4EE751B8C3F3D00B275D8 /* Products */;
			projectDirPath = "";
			projectRoot = "";
			targets = (
				C3E4EE731B8C3F3D00B275D8 /* iwf */,
				C3E4EE7E1B8C3F3D00B275D8 /* iwfTests */,
			);
		};
/* End PBXProject section */

/* Begin PBXResourcesBuildPhase section */
		C3E4EE721B8C3F3D00B275D8 /* Resources */ = {
			isa = PBXResourcesBuildPhase;
			buildActionMask = 2147483647;
			files = (
				C3DBA9891B93F1AD008E51C5 /* UIWebExtView.dat in Resources */,
			);
			runOnlyForDeploymentPostprocessing = 0;
		};
		C3E4EE7D1B8C3F3D00B275D8 /* Resources */ = {
			isa = PBXResourcesBuildPhase;
			buildActionMask = 2147483647;
			files = (
			);
			runOnlyForDeploymentPostprocessing = 0;
		};
/* End PBXResourcesBuildPhase section */

/* Begin PBXShellScriptBuildPhase section */
		C32193921BA9499900EB2594 /* ShellScript */ = {
			isa = PBXShellScriptBuildPhase;
			buildActionMask = 2147483647;
			files = (
			);
			inputPaths = (
			);
			outputPaths = (
			);
			runOnlyForDeploymentPostprocessing = 0;
			shellPath = /bin/sh;
			shellScript = "echo ${OBJECT_FILE_DIR}-normal/x86_64 > ${SRCROOT}/object_file_dir\npython ${SRCROOT}/build_scripts/export_build_vars.py object_file_dir=${OBJECT_FILE_DIR}-normal/x86_64 build_dir=${OBJROOT}";
		};
/* End PBXShellScriptBuildPhase section */

/* Begin PBXSourcesBuildPhase section */
		C3E4EE6F1B8C3F3D00B275D8 /* Sources */ = {
			isa = PBXSourcesBuildPhase;
			buildActionMask = 2147483647;
			files = (
				C3DBA9881B93F1AD008E51C5 /* UITreeView.m in Sources */,
				C3DBA97B1B93F1AD008E51C5 /* UILineView.m in Sources */,
				C3DBA9731B93F1AD008E51C5 /* UIBorderView.m in Sources */,
				C3DBA9751B93F1AD008E51C5 /* UIBoundsImageView.m in Sources */,
				C3E4EEBE1B8C414C00B275D8 /* FLogWriter.swift in Sources */,
				C3DBA9771B93F1AD008E51C5 /* UIImgPageControl.m in Sources */,
				C3373CDA1B8EA5E80006A4A0 /* URLRequester.m in Sources */,
				C3DBA9791B93F1AD008E51C5 /* UIFocusView.m in Sources */,
				C3E4EEC01B8C414C00B275D8 /* Log.swift in Sources */,
				C3373CE41B8EE30E0006A4A0 /* MultipartBuilder.m in Sources */,
				C3DBA96F1B93F1AD008E51C5 /* LineDrawer.m in Sources */,
				C3E4EEA01B8C3F8400B275D8 /* NSGImage.m in Sources */,
				C35D94E11B9310B5002C41F1 /* NSDataInputStream.m in Sources */,
				C3DBA9811B93F1AD008E51C5 /* UIRefreshView.m in Sources */,
				C3E4EEA21B8C3F8400B275D8 /* NSLineString.m in Sources */,
				C3DBA9711B93F1AD008E51C5 /* NSRefreshProxy.m in Sources */,
				C3E4EE9C1B8C3F8400B275D8 /* NSSLiteBuilder.m in Sources */,
				C3DBA9841B93F1AD008E51C5 /* UIStarView.m in Sources */,
				C3E4EEA41B8C3F8400B275D8 /* NSPart.m in Sources */,
				C3373CF51B8F26390006A4A0 /* NSInputStreamWrapper.m in Sources */,
				C3E4EEC41B8C417800B275D8 /* Util.swift in Sources */,
				C3DBA9861B93F1AD008E51C5 /* UITableExtView.m in Sources */,
				C3DBA97D1B93F1AD008E51C5 /* UIPlaceHolderTextView.m in Sources */,
				C3E4EEB01B8C407000B275D8 /* ClassExt.m in Sources */,
				C3DBA97F1B93F1AD008E51C5 /* UIPushTreeView.m in Sources */,
				C3313B571B902C4A007B5709 /* H.m in Sources */,
				C3E4EED11B8C4D7C00B275D8 /* OcL.m in Sources */,
				C3DBA98B1B93F1AD008E51C5 /* UIWebExtView.m in Sources */,
				C3E4EE9E1B8C3F8400B275D8 /* CoreMethod.m in Sources */,
			);
			runOnlyForDeploymentPostprocessing = 0;
		};
		C3E4EE7B1B8C3F3D00B275D8 /* Sources */ = {
			isa = PBXSourcesBuildPhase;
			buildActionMask = 2147483647;
			files = (
				C3373D081B8F36470006A4A0 /* LogTest.swift in Sources */,
				C3313B5C1B903237007B5709 /* HTest.m in Sources */,
				C3373D091B8F36470006A4A0 /* OcLTest.m in Sources */,
				C3FB0A071B944C0B0084C3A1 /* ClassExtTest.m in Sources */,
				C3373D0A1B8F36470006A4A0 /* UtilTest.swift in Sources */,
				C3313B5E1B90328B007B5709 /* URLRequesterTest.m in Sources */,
				C3373D0D1B8F40FC0006A4A0 /* MultipartBuilderTest.m in Sources */,
				C3373D0B1B8F36470006A4A0 /* iwfTests.swift in Sources */,
				C3466ABE1B90041700C302E7 /* iwfocTest.m in Sources */,
			);
			runOnlyForDeploymentPostprocessing = 0;
		};
/* End PBXSourcesBuildPhase section */

/* Begin PBXTargetDependency section */
		C3E4EE821B8C3F3D00B275D8 /* PBXTargetDependency */ = {
			isa = PBXTargetDependency;
			target = C3E4EE731B8C3F3D00B275D8 /* iwf */;
			targetProxy = C3E4EE811B8C3F3D00B275D8 /* PBXContainerItemProxy */;
		};
/* End PBXTargetDependency section */

/* Begin XCBuildConfiguration section */
		C3E4EE881B8C3F3D00B275D8 /* Debug */ = {
			isa = XCBuildConfiguration;
			buildSettings = {
				ALWAYS_SEARCH_USER_PATHS = NO;
				CLANG_CXX_LANGUAGE_STANDARD = "gnu++0x";
				CLANG_CXX_LIBRARY = "libc++";
				CLANG_ENABLE_MODULES = YES;
				CLANG_ENABLE_OBJC_ARC = YES;
				CLANG_WARN_BOOL_CONVERSION = YES;
				CLANG_WARN_CONSTANT_CONVERSION = YES;
				CLANG_WARN_DIRECT_OBJC_ISA_USAGE = YES_ERROR;
				CLANG_WARN_EMPTY_BODY = YES;
				CLANG_WARN_ENUM_CONVERSION = YES;
				CLANG_WARN_INT_CONVERSION = YES;
				CLANG_WARN_OBJC_ROOT_CLASS = YES_ERROR;
				CLANG_WARN_UNREACHABLE_CODE = YES;
				CLANG_WARN__DUPLICATE_METHOD_MATCH = YES;
				"CODE_SIGN_IDENTITY[sdk=iphoneos*]" = "iPhone Developer";
				COPY_PHASE_STRIP = NO;
				CURRENT_PROJECT_VERSION = 1;
				DEBUG_INFORMATION_FORMAT = "dwarf-with-dsym";
				ENABLE_STRICT_OBJC_MSGSEND = YES;
				GCC_C_LANGUAGE_STANDARD = gnu99;
				GCC_DYNAMIC_NO_PIC = NO;
				GCC_NO_COMMON_BLOCKS = YES;
				GCC_OPTIMIZATION_LEVEL = 0;
				GCC_PREPROCESSOR_DEFINITIONS = (
					"DEBUG=1",
					"$(inherited)",
				);
				GCC_SYMBOLS_PRIVATE_EXTERN = NO;
				GCC_WARN_64_TO_32_BIT_CONVERSION = YES;
				GCC_WARN_ABOUT_RETURN_TYPE = YES_ERROR;
				GCC_WARN_UNDECLARED_SELECTOR = YES;
				GCC_WARN_UNINITIALIZED_AUTOS = YES_AGGRESSIVE;
				GCC_WARN_UNUSED_FUNCTION = YES;
				GCC_WARN_UNUSED_VARIABLE = YES;
				IPHONEOS_DEPLOYMENT_TARGET = 8.4;
				MTL_ENABLE_DEBUG_INFO = YES;
				ONLY_ACTIVE_ARCH = YES;
				SDKROOT = iphoneos;
				SWIFT_OPTIMIZATION_LEVEL = "-Onone";
				TARGETED_DEVICE_FAMILY = "1,2";
				VERSIONING_SYSTEM = "apple-generic";
				VERSION_INFO_PREFIX = "";
			};
			name = Debug;
		};
		C3E4EE891B8C3F3D00B275D8 /* Release */ = {
			isa = XCBuildConfiguration;
			buildSettings = {
				ALWAYS_SEARCH_USER_PATHS = NO;
				CLANG_CXX_LANGUAGE_STANDARD = "gnu++0x";
				CLANG_CXX_LIBRARY = "libc++";
				CLANG_ENABLE_MODULES = YES;
				CLANG_ENABLE_OBJC_ARC = YES;
				CLANG_WARN_BOOL_CONVERSION = YES;
				CLANG_WARN_CONSTANT_CONVERSION = YES;
				CLANG_WARN_DIRECT_OBJC_ISA_USAGE = YES_ERROR;
				CLANG_WARN_EMPTY_BODY = YES;
				CLANG_WARN_ENUM_CONVERSION = YES;
				CLANG_WARN_INT_CONVERSION = YES;
				CLANG_WARN_OBJC_ROOT_CLASS = YES_ERROR;
				CLANG_WARN_UNREACHABLE_CODE = YES;
				CLANG_WARN__DUPLICATE_METHOD_MATCH = YES;
				"CODE_SIGN_IDENTITY[sdk=iphoneos*]" = "iPhone Developer";
				COPY_PHASE_STRIP = NO;
				CURRENT_PROJECT_VERSION = 1;
				DEBUG_INFORMATION_FORMAT = "dwarf-with-dsym";
				ENABLE_NS_ASSERTIONS = NO;
				ENABLE_STRICT_OBJC_MSGSEND = YES;
				GCC_C_LANGUAGE_STANDARD = gnu99;
				GCC_NO_COMMON_BLOCKS = YES;
				GCC_WARN_64_TO_32_BIT_CONVERSION = YES;
				GCC_WARN_ABOUT_RETURN_TYPE = YES_ERROR;
				GCC_WARN_UNDECLARED_SELECTOR = YES;
				GCC_WARN_UNINITIALIZED_AUTOS = YES_AGGRESSIVE;
				GCC_WARN_UNUSED_FUNCTION = YES;
				GCC_WARN_UNUSED_VARIABLE = YES;
				IPHONEOS_DEPLOYMENT_TARGET = 8.4;
				MTL_ENABLE_DEBUG_INFO = NO;
				SDKROOT = iphoneos;
				TARGETED_DEVICE_FAMILY = "1,2";
				VALIDATE_PRODUCT = YES;
				VERSIONING_SYSTEM = "apple-generic";
				VERSION_INFO_PREFIX = "";
			};
			name = Release;
		};
		C3E4EE8B1B8C3F3D00B275D8 /* Debug */ = {
			isa = XCBuildConfiguration;
			buildSettings = {
				DEFINES_MODULE = YES;
				DEPLOYMENT_LOCATION = NO;
				DYLIB_COMPATIBILITY_VERSION = 1;
				DYLIB_CURRENT_VERSION = 1;
				DYLIB_INSTALL_NAME_BASE = "@rpath";
				GCC_GENERATE_TEST_COVERAGE_FILES = YES;
				GCC_INSTRUMENT_PROGRAM_FLOW_ARCS = YES;
				INFOPLIST_FILE = iwf/Info.plist;
				INSTALL_PATH = "$(LOCAL_LIBRARY_DIR)/Frameworks";
				LD_RUNPATH_SEARCH_PATHS = "$(inherited) @executable_path/Frameworks @loader_path/Frameworks";
				PRODUCT_NAME = "$(TARGET_NAME)";
				SKIP_INSTALL = YES;
			};
			name = Debug;
		};
		C3E4EE8C1B8C3F3D00B275D8 /* Release */ = {
			isa = XCBuildConfiguration;
			buildSettings = {
				DEFINES_MODULE = YES;
				DEPLOYMENT_LOCATION = NO;
				DYLIB_COMPATIBILITY_VERSION = 1;
				DYLIB_CURRENT_VERSION = 1;
				DYLIB_INSTALL_NAME_BASE = "@rpath";
				GCC_GENERATE_TEST_COVERAGE_FILES = YES;
				GCC_INSTRUMENT_PROGRAM_FLOW_ARCS = YES;
				INFOPLIST_FILE = iwf/Info.plist;
				INSTALL_PATH = "$(LOCAL_LIBRARY_DIR)/Frameworks";
				LD_RUNPATH_SEARCH_PATHS = "$(inherited) @executable_path/Frameworks @loader_path/Frameworks";
				PRODUCT_NAME = "$(TARGET_NAME)";
				SKIP_INSTALL = YES;
			};
			name = Release;
		};
		C3E4EE8E1B8C3F3D00B275D8 /* Debug */ = {
			isa = XCBuildConfiguration;
			buildSettings = {
				FRAMEWORK_SEARCH_PATHS = (
					"$(SDKROOT)/Developer/Library/Frameworks",
					"$(inherited)",
				);
				GCC_PREPROCESSOR_DEFINITIONS = (
					"DEBUG=1",
					"$(inherited)",
				);
				INFOPLIST_FILE = iwfTests/Info.plist;
				LD_RUNPATH_SEARCH_PATHS = "$(inherited) @executable_path/Frameworks @loader_path/Frameworks";
				PRODUCT_NAME = "$(TARGET_NAME)";
			};
			name = Debug;
		};
		C3E4EE8F1B8C3F3D00B275D8 /* Release */ = {
			isa = XCBuildConfiguration;
			buildSettings = {
				FRAMEWORK_SEARCH_PATHS = (
					"$(SDKROOT)/Developer/Library/Frameworks",
					"$(inherited)",
				);
				INFOPLIST_FILE = iwfTests/Info.plist;
				LD_RUNPATH_SEARCH_PATHS = "$(inherited) @executable_path/Frameworks @loader_path/Frameworks";
				PRODUCT_NAME = "$(TARGET_NAME)";
			};
			name = Release;
		};
/* End XCBuildConfiguration section */

/* Begin XCConfigurationList section */
		C3E4EE6E1B8C3F3D00B275D8 /* Build configuration list for PBXProject "iwf" */ = {
			isa = XCConfigurationList;
			buildConfigurations = (
				C3E4EE881B8C3F3D00B275D8 /* Debug */,
				C3E4EE891B8C3F3D00B275D8 /* Release */,
			);
			defaultConfigurationIsVisible = 0;
			defaultConfigurationName = Release;
		};
		C3E4EE8A1B8C3F3D00B275D8 /* Build configuration list for PBXNativeTarget "iwf" */ = {
			isa = XCConfigurationList;
			buildConfigurations = (
				C3E4EE8B1B8C3F3D00B275D8 /* Debug */,
				C3E4EE8C1B8C3F3D00B275D8 /* Release */,
			);
			defaultConfigurationIsVisible = 0;
			defaultConfigurationName = Release;
		};
		C3E4EE8D1B8C3F3D00B275D8 /* Build configuration list for PBXNativeTarget "iwfTests" */ = {
			isa = XCConfigurationList;
			buildConfigurations = (
				C3E4EE8E1B8C3F3D00B275D8 /* Debug */,
				C3E4EE8F1B8C3F3D00B275D8 /* Release */,
			);
			defaultConfigurationIsVisible = 0;
			defaultConfigurationName = Release;
		};
/* End XCConfigurationList section */
	};
	rootObject = C3E4EE6B1B8C3F3D00B275D8 /* Project object */;
}
