// !$*UTF8*$!
{
	archiveVersion = 1;
	classes = {
	};
	objectVersion = 46;
	objects = {

/* Begin PBXBuildFile section */
		1792D0851BB8EE52000B7D16 /* ForTestTextFieldVCtl.m in Sources */ = {isa = PBXBuildFile; fileRef = 1792D0831BB8EE52000B7D16 /* ForTestTextFieldVCtl.m */; };
		1792D0861BB8EE52000B7D16 /* ForTestTextFieldVCtl.m in Sources */ = {isa = PBXBuildFile; fileRef = 1792D0831BB8EE52000B7D16 /* ForTestTextFieldVCtl.m */; };
		1792D0871BB8EE52000B7D16 /* ForTestTextFieldVCtl.xib in Resources */ = {isa = PBXBuildFile; fileRef = 1792D0841BB8EE52000B7D16 /* ForTestTextFieldVCtl.xib */; };
		1792D0881BB8EE52000B7D16 /* ForTestTextFieldVCtl.xib in Resources */ = {isa = PBXBuildFile; fileRef = 1792D0841BB8EE52000B7D16 /* ForTestTextFieldVCtl.xib */; };
		1792D08B1BB8EFC7000B7D16 /* ForTestTextFieldVCtlTest.m in Sources */ = {isa = PBXBuildFile; fileRef = 1792D08A1BB8EFC7000B7D16 /* ForTestTextFieldVCtlTest.m */; };
		17C002011EB882C50028E7FE /* ProtocolBuffers.framework in Frameworks */ = {isa = PBXBuildFile; fileRef = 17C002001EB882C50028E7FE /* ProtocolBuffers.framework */; };
		17C002021EB882C50028E7FE /* ProtocolBuffers.framework in Embed Frameworks */ = {isa = PBXBuildFile; fileRef = 17C002001EB882C50028E7FE /* ProtocolBuffers.framework */; settings = {ATTRIBUTES = (CodeSignOnCopy, RemoveHeadersOnCopy, ); }; };
		17CD69F51C04021A00DCC395 /* ImVCtl.m in Sources */ = {isa = PBXBuildFile; fileRef = 17CD69F31C04021A00DCC395 /* ImVCtl.m */; };
		17CD69F61C04021A00DCC395 /* ImVCtl.xib in Resources */ = {isa = PBXBuildFile; fileRef = 17CD69F41C04021A00DCC395 /* ImVCtl.xib */; };
		C31E49781BA937100016195E /* main.m in Sources */ = {isa = PBXBuildFile; fileRef = C31E49771BA937100016195E /* main.m */; };
		C31E497B1BA937100016195E /* AppDelegate.m in Sources */ = {isa = PBXBuildFile; fileRef = C31E497A1BA937100016195E /* AppDelegate.m */; };
		C31E497E1BA937100016195E /* ViewController.m in Sources */ = {isa = PBXBuildFile; fileRef = C31E497D1BA937100016195E /* ViewController.m */; };
		C31E49811BA937100016195E /* Main.storyboard in Resources */ = {isa = PBXBuildFile; fileRef = C31E497F1BA937100016195E /* Main.storyboard */; };
		C31E49831BA937100016195E /* Images.xcassets in Resources */ = {isa = PBXBuildFile; fileRef = C31E49821BA937100016195E /* Images.xcassets */; };
		C31E49861BA937100016195E /* LaunchScreen.xib in Resources */ = {isa = PBXBuildFile; fileRef = C31E49841BA937100016195E /* LaunchScreen.xib */; };
		C31E49921BA937100016195E /* iwf_testTests.m in Sources */ = {isa = PBXBuildFile; fileRef = C31E49911BA937100016195E /* iwf_testTests.m */; };
		C31E49E21BA938820016195E /* Categories.json in Resources */ = {isa = PBXBuildFile; fileRef = C31E49A71BA938820016195E /* Categories.json */; };
		C31E49E31BA938820016195E /* Categories.json in Resources */ = {isa = PBXBuildFile; fileRef = C31E49A71BA938820016195E /* Categories.json */; };
		C31E49E41BA938820016195E /* Child-1.json in Resources */ = {isa = PBXBuildFile; fileRef = C31E49A81BA938820016195E /* Child-1.json */; };
		C31E49E51BA938820016195E /* Child-1.json in Resources */ = {isa = PBXBuildFile; fileRef = C31E49A81BA938820016195E /* Child-1.json */; };
		C31E49E61BA938820016195E /* Child-20.json in Resources */ = {isa = PBXBuildFile; fileRef = C31E49A91BA938820016195E /* Child-20.json */; };
		C31E49E71BA938820016195E /* Child-20.json in Resources */ = {isa = PBXBuildFile; fileRef = C31E49A91BA938820016195E /* Child-20.json */; };
		C31E49E81BA938820016195E /* Child-21.json in Resources */ = {isa = PBXBuildFile; fileRef = C31E49AA1BA938820016195E /* Child-21.json */; };
		C31E49E91BA938820016195E /* Child-21.json in Resources */ = {isa = PBXBuildFile; fileRef = C31E49AA1BA938820016195E /* Child-21.json */; };
		C31E49EA1BA938820016195E /* Child-3.json in Resources */ = {isa = PBXBuildFile; fileRef = C31E49AB1BA938820016195E /* Child-3.json */; };
		C31E49EB1BA938820016195E /* Child-3.json in Resources */ = {isa = PBXBuildFile; fileRef = C31E49AB1BA938820016195E /* Child-3.json */; };
		C31E49EC1BA938820016195E /* Child-4.json in Resources */ = {isa = PBXBuildFile; fileRef = C31E49AC1BA938820016195E /* Child-4.json */; };
		C31E49ED1BA938820016195E /* Child-4.json in Resources */ = {isa = PBXBuildFile; fileRef = C31E49AC1BA938820016195E /* Child-4.json */; };
		C31E49EE1BA938820016195E /* Child-6.json in Resources */ = {isa = PBXBuildFile; fileRef = C31E49AD1BA938820016195E /* Child-6.json */; };
		C31E49EF1BA938820016195E /* Child-6.json in Resources */ = {isa = PBXBuildFile; fileRef = C31E49AD1BA938820016195E /* Child-6.json */; };
		C31E49F01BA938820016195E /* Commodities.json in Resources */ = {isa = PBXBuildFile; fileRef = C31E49AE1BA938820016195E /* Commodities.json */; };
		C31E49F11BA938820016195E /* Commodities.json in Resources */ = {isa = PBXBuildFile; fileRef = C31E49AE1BA938820016195E /* Commodities.json */; };
		C31E49F21BA938820016195E /* Parent.json in Resources */ = {isa = PBXBuildFile; fileRef = C31E49AF1BA938820016195E /* Parent.json */; };
		C31E49F31BA938820016195E /* Parent.json in Resources */ = {isa = PBXBuildFile; fileRef = C31E49AF1BA938820016195E /* Parent.json */; };
		C31E49F41BA938820016195E /* SubChild.json in Resources */ = {isa = PBXBuildFile; fileRef = C31E49B01BA938820016195E /* SubChild.json */; };
		C31E49F51BA938820016195E /* SubChild.json in Resources */ = {isa = PBXBuildFile; fileRef = C31E49B01BA938820016195E /* SubChild.json */; };
		C31E49F61BA938820016195E /* taobaolevel.txt in Resources */ = {isa = PBXBuildFile; fileRef = C31E49B11BA938820016195E /* taobaolevel.txt */; };
		C31E49F71BA938820016195E /* taobaolevel.txt in Resources */ = {isa = PBXBuildFile; fileRef = C31E49B11BA938820016195E /* taobaolevel.txt */; };
		C31E49F81BA938820016195E /* AutoLayoutVCtl.m in Sources */ = {isa = PBXBuildFile; fileRef = C31E49B51BA938820016195E /* AutoLayoutVCtl.m */; };
		C31E49F91BA938820016195E /* AutoLayoutVCtl.m in Sources */ = {isa = PBXBuildFile; fileRef = C31E49B51BA938820016195E /* AutoLayoutVCtl.m */; };
		C31E49FA1BA938820016195E /* AutoLayoutVCtl.xib in Resources */ = {isa = PBXBuildFile; fileRef = C31E49B61BA938820016195E /* AutoLayoutVCtl.xib */; };
		C31E49FB1BA938820016195E /* AutoLayoutVCtl.xib in Resources */ = {isa = PBXBuildFile; fileRef = C31E49B61BA938820016195E /* AutoLayoutVCtl.xib */; };
		C31E49FC1BA938820016195E /* BoundsImageVCtl.m in Sources */ = {isa = PBXBuildFile; fileRef = C31E49B81BA938820016195E /* BoundsImageVCtl.m */; };
		C31E49FD1BA938820016195E /* BoundsImageVCtl.m in Sources */ = {isa = PBXBuildFile; fileRef = C31E49B81BA938820016195E /* BoundsImageVCtl.m */; };
		C31E49FE1BA938820016195E /* CellAnimationVCtl.m in Sources */ = {isa = PBXBuildFile; fileRef = C31E49BA1BA938820016195E /* CellAnimationVCtl.m */; };
		C31E49FF1BA938820016195E /* CellAnimationVCtl.m in Sources */ = {isa = PBXBuildFile; fileRef = C31E49BA1BA938820016195E /* CellAnimationVCtl.m */; };
		C31E4A001BA938820016195E /* ClassExtVCtl.m in Sources */ = {isa = PBXBuildFile; fileRef = C31E49BC1BA938820016195E /* ClassExtVCtl.m */; };
		C31E4A011BA938820016195E /* ClassExtVCtl.m in Sources */ = {isa = PBXBuildFile; fileRef = C31E49BC1BA938820016195E /* ClassExtVCtl.m */; };
		C31E4A021BA938820016195E /* ColorImageVCtl.m in Sources */ = {isa = PBXBuildFile; fileRef = C31E49BE1BA938820016195E /* ColorImageVCtl.m */; };
		C31E4A031BA938820016195E /* ColorImageVCtl.m in Sources */ = {isa = PBXBuildFile; fileRef = C31E49BE1BA938820016195E /* ColorImageVCtl.m */; };
		C31E4A041BA938820016195E /* FocusViewVCtl.m in Sources */ = {isa = PBXBuildFile; fileRef = C31E49C01BA938820016195E /* FocusViewVCtl.m */; };
		C31E4A051BA938820016195E /* FocusViewVCtl.m in Sources */ = {isa = PBXBuildFile; fileRef = C31E49C01BA938820016195E /* FocusViewVCtl.m */; };
		C31E4A061BA938820016195E /* FocusViewVCtl.xib in Resources */ = {isa = PBXBuildFile; fileRef = C31E49C11BA938820016195E /* FocusViewVCtl.xib */; };
		C31E4A071BA938820016195E /* FocusViewVCtl.xib in Resources */ = {isa = PBXBuildFile; fileRef = C31E49C11BA938820016195E /* FocusViewVCtl.xib */; };
		C31E4A081BA938820016195E /* ForTableViewTestVCtl.m in Sources */ = {isa = PBXBuildFile; fileRef = C31E49C31BA938820016195E /* ForTableViewTestVCtl.m */; };
		C31E4A091BA938820016195E /* ForTableViewTestVCtl.m in Sources */ = {isa = PBXBuildFile; fileRef = C31E49C31BA938820016195E /* ForTableViewTestVCtl.m */; };
		C31E4A0A1BA938820016195E /* ForTableViewTestVCtl.xib in Resources */ = {isa = PBXBuildFile; fileRef = C31E49C41BA938820016195E /* ForTableViewTestVCtl.xib */; };
		C31E4A0B1BA938820016195E /* ForTableViewTestVCtl.xib in Resources */ = {isa = PBXBuildFile; fileRef = C31E49C41BA938820016195E /* ForTableViewTestVCtl.xib */; };
		C31E4A0C1BA938820016195E /* ForTestActionVCtl.m in Sources */ = {isa = PBXBuildFile; fileRef = C31E49C61BA938820016195E /* ForTestActionVCtl.m */; };
		C31E4A0D1BA938820016195E /* ForTestActionVCtl.m in Sources */ = {isa = PBXBuildFile; fileRef = C31E49C61BA938820016195E /* ForTestActionVCtl.m */; };
		C31E4A0E1BA938820016195E /* ForTestActionVCtl.xib in Resources */ = {isa = PBXBuildFile; fileRef = C31E49C71BA938820016195E /* ForTestActionVCtl.xib */; };
		C31E4A0F1BA938820016195E /* ForTestActionVCtl.xib in Resources */ = {isa = PBXBuildFile; fileRef = C31E49C71BA938820016195E /* ForTestActionVCtl.xib */; };
		C31E4A101BA938820016195E /* HttpCancelVCtl.m in Sources */ = {isa = PBXBuildFile; fileRef = C31E49C91BA938820016195E /* HttpCancelVCtl.m */; };
		C31E4A111BA938820016195E /* HttpCancelVCtl.m in Sources */ = {isa = PBXBuildFile; fileRef = C31E49C91BA938820016195E /* HttpCancelVCtl.m */; };
		C31E4A121BA938820016195E /* LeftPushEffectVCtl.m in Sources */ = {isa = PBXBuildFile; fileRef = C31E49CB1BA938820016195E /* LeftPushEffectVCtl.m */; };
		C31E4A131BA938820016195E /* LeftPushEffectVCtl.m in Sources */ = {isa = PBXBuildFile; fileRef = C31E49CB1BA938820016195E /* LeftPushEffectVCtl.m */; };
		C31E4A141BA938820016195E /* LineViewVCtl.m in Sources */ = {isa = PBXBuildFile; fileRef = C31E49CD1BA938820016195E /* LineViewVCtl.m */; };
		C31E4A151BA938820016195E /* LineViewVCtl.m in Sources */ = {isa = PBXBuildFile; fileRef = C31E49CD1BA938820016195E /* LineViewVCtl.m */; };
		C31E4A161BA938820016195E /* NavRootVCtl.m in Sources */ = {isa = PBXBuildFile; fileRef = C31E49CF1BA938820016195E /* NavRootVCtl.m */; };
		C31E4A171BA938820016195E /* NavRootVCtl.m in Sources */ = {isa = PBXBuildFile; fileRef = C31E49CF1BA938820016195E /* NavRootVCtl.m */; };
		C31E4A181BA938820016195E /* StarViewVCtl.m in Sources */ = {isa = PBXBuildFile; fileRef = C31E49D11BA938820016195E /* StarViewVCtl.m */; };
		C31E4A191BA938820016195E /* StarViewVCtl.m in Sources */ = {isa = PBXBuildFile; fileRef = C31E49D11BA938820016195E /* StarViewVCtl.m */; };
		C31E4A1A1BA938820016195E /* TableExtVCtl.m in Sources */ = {isa = PBXBuildFile; fileRef = C31E49D31BA938820016195E /* TableExtVCtl.m */; };
		C31E4A1B1BA938820016195E /* TableExtVCtl.m in Sources */ = {isa = PBXBuildFile; fileRef = C31E49D31BA938820016195E /* TableExtVCtl.m */; };
		C31E4A1C1BA938820016195E /* TableExtXibVCtl.m in Sources */ = {isa = PBXBuildFile; fileRef = C31E49D51BA938820016195E /* TableExtXibVCtl.m */; };
		C31E4A1D1BA938820016195E /* TableExtXibVCtl.m in Sources */ = {isa = PBXBuildFile; fileRef = C31E49D51BA938820016195E /* TableExtXibVCtl.m */; };
		C31E4A1E1BA938820016195E /* TableExtXibVCtl.xib in Resources */ = {isa = PBXBuildFile; fileRef = C31E49D61BA938820016195E /* TableExtXibVCtl.xib */; };
		C31E4A1F1BA938820016195E /* TableExtXibVCtl.xib in Resources */ = {isa = PBXBuildFile; fileRef = C31E49D61BA938820016195E /* TableExtXibVCtl.xib */; };
		C31E4A201BA938820016195E /* TreeVCtl.m in Sources */ = {isa = PBXBuildFile; fileRef = C31E49D81BA938820016195E /* TreeVCtl.m */; };
		C31E4A211BA938820016195E /* TreeVCtl.m in Sources */ = {isa = PBXBuildFile; fileRef = C31E49D81BA938820016195E /* TreeVCtl.m */; };
		C31E4A221BA938820016195E /* WebViewVCtl.m in Sources */ = {isa = PBXBuildFile; fileRef = C31E49DA1BA938820016195E /* WebViewVCtl.m */; };
		C31E4A231BA938820016195E /* WebViewVCtl.m in Sources */ = {isa = PBXBuildFile; fileRef = C31E49DA1BA938820016195E /* WebViewVCtl.m */; };
		C31E4A241BA938820016195E /* TableExtItemView.m in Sources */ = {isa = PBXBuildFile; fileRef = C31E49DD1BA938820016195E /* TableExtItemView.m */; };
		C31E4A251BA938820016195E /* TableExtItemView.m in Sources */ = {isa = PBXBuildFile; fileRef = C31E49DD1BA938820016195E /* TableExtItemView.m */; };
		C31E4A261BA938820016195E /* TableExtItemView.xib in Resources */ = {isa = PBXBuildFile; fileRef = C31E49DE1BA938820016195E /* TableExtItemView.xib */; };
		C31E4A271BA938820016195E /* TableExtItemView.xib in Resources */ = {isa = PBXBuildFile; fileRef = C31E49DE1BA938820016195E /* TableExtItemView.xib */; };
		C31E4A281BA938820016195E /* JSONKit.m in Sources */ = {isa = PBXBuildFile; fileRef = C31E49E11BA938820016195E /* JSONKit.m */; settings = {COMPILER_FLAGS = "-fno-objc-arc"; }; };
		C31E4A291BA938820016195E /* JSONKit.m in Sources */ = {isa = PBXBuildFile; fileRef = C31E49E11BA938820016195E /* JSONKit.m */; settings = {COMPILER_FLAGS = "-fno-objc-arc"; }; };
		C31E4A2E1BA939300016195E /* ForTableViewTestVCtlTest.m in Sources */ = {isa = PBXBuildFile; fileRef = C31E4A2C1BA939300016195E /* ForTableViewTestVCtlTest.m */; };
		C31E4A2F1BA939300016195E /* ForTestActionVCtlTest.m in Sources */ = {isa = PBXBuildFile; fileRef = C31E4A2D1BA939300016195E /* ForTestActionVCtlTest.m */; };
		C31E4A301BA939A70016195E /* iwf.framework in Frameworks */ = {isa = PBXBuildFile; fileRef = C31E49A21BA937320016195E /* iwf.framework */; };
		C31E4A311BA939A70016195E /* iwf.framework in Embed Frameworks */ = {isa = PBXBuildFile; fileRef = C31E49A21BA937320016195E /* iwf.framework */; settings = {ATTRIBUTES = (CodeSignOnCopy, RemoveHeadersOnCopy, ); }; };
/* End PBXBuildFile section */

/* Begin PBXContainerItemProxy section */
		C31E498C1BA937100016195E /* PBXContainerItemProxy */ = {
			isa = PBXContainerItemProxy;
			containerPortal = C31E496A1BA937100016195E /* Project object */;
			proxyType = 1;
			remoteGlobalIDString = C31E49711BA937100016195E;
			remoteInfo = "iwf-test";
		};
		C31E49A11BA937320016195E /* PBXContainerItemProxy */ = {
			isa = PBXContainerItemProxy;
			containerPortal = C31E499C1BA937320016195E /* iwf.xcodeproj */;
			proxyType = 2;
			remoteGlobalIDString = C3E4EE741B8C3F3D00B275D8;
			remoteInfo = iwf;
		};
		C31E49A31BA937320016195E /* PBXContainerItemProxy */ = {
			isa = PBXContainerItemProxy;
			containerPortal = C31E499C1BA937320016195E /* iwf.xcodeproj */;
			proxyType = 2;
			remoteGlobalIDString = C3E4EE7F1B8C3F3D00B275D8;
			remoteInfo = iwfTests;
		};
		C31E4A321BA939A70016195E /* PBXContainerItemProxy */ = {
			isa = PBXContainerItemProxy;
			containerPortal = C31E499C1BA937320016195E /* iwf.xcodeproj */;
			proxyType = 1;
			remoteGlobalIDString = C3E4EE731B8C3F3D00B275D8;
			remoteInfo = iwf;
		};
/* End PBXContainerItemProxy section */

/* Begin PBXCopyFilesBuildPhase section */
		C31E4A341BA939A70016195E /* Embed Frameworks */ = {
			isa = PBXCopyFilesBuildPhase;
			buildActionMask = 2147483647;
			dstPath = "";
			dstSubfolderSpec = 10;
			files = (
				17C002021EB882C50028E7FE /* ProtocolBuffers.framework in Embed Frameworks */,
				C31E4A311BA939A70016195E /* iwf.framework in Embed Frameworks */,
			);
			name = "Embed Frameworks";
			runOnlyForDeploymentPostprocessing = 0;
		};
/* End PBXCopyFilesBuildPhase section */

/* Begin PBXFileReference section */
		17702D701D2CE7EF00CAB7E4 /* ProtocolBuffers.framework */ = {isa = PBXFileReference; explicitFileType = wrapper.framework; name = ProtocolBuffers.framework; path = "/Users/vty/Library/Developer/Xcode/DerivedData/iwf-test-eubsetaccfhbxjazzcfkyurlenna/Build/Products/Debug-iphoneos/ProtocolBuffers.framework"; sourceTree = "<absolute>"; };
		1792D0821BB8EE52000B7D16 /* ForTestTextFieldVCtl.h */ = {isa = PBXFileReference; fileEncoding = 4; lastKnownFileType = sourcecode.c.h; path = ForTestTextFieldVCtl.h; sourceTree = "<group>"; };
		1792D0831BB8EE52000B7D16 /* ForTestTextFieldVCtl.m */ = {isa = PBXFileReference; fileEncoding = 4; lastKnownFileType = sourcecode.c.objc; path = ForTestTextFieldVCtl.m; sourceTree = "<group>"; };
		1792D0841BB8EE52000B7D16 /* ForTestTextFieldVCtl.xib */ = {isa = PBXFileReference; fileEncoding = 4; lastKnownFileType = file.xib; path = ForTestTextFieldVCtl.xib; sourceTree = "<group>"; };
		1792D08A1BB8EFC7000B7D16 /* ForTestTextFieldVCtlTest.m */ = {isa = PBXFileReference; fileEncoding = 4; lastKnownFileType = sourcecode.c.objc; path = ForTestTextFieldVCtlTest.m; sourceTree = "<group>"; };
		17C002001EB882C50028E7FE /* ProtocolBuffers.framework */ = {isa = PBXFileReference; explicitFileType = wrapper.framework; path = ProtocolBuffers.framework; sourceTree = BUILT_PRODUCTS_DIR; };
		17CD69F21C04021A00DCC395 /* ImVCtl.h */ = {isa = PBXFileReference; fileEncoding = 4; lastKnownFileType = sourcecode.c.h; path = ImVCtl.h; sourceTree = "<group>"; };
		17CD69F31C04021A00DCC395 /* ImVCtl.m */ = {isa = PBXFileReference; fileEncoding = 4; lastKnownFileType = sourcecode.c.objc; path = ImVCtl.m; sourceTree = "<group>"; };
		17CD69F41C04021A00DCC395 /* ImVCtl.xib */ = {isa = PBXFileReference; fileEncoding = 4; lastKnownFileType = file.xib; path = ImVCtl.xib; sourceTree = "<group>"; };
		C31E49721BA937100016195E /* iwf-test.app */ = {isa = PBXFileReference; explicitFileType = wrapper.application; includeInIndex = 0; path = "iwf-test.app"; sourceTree = BUILT_PRODUCTS_DIR; };
		C31E49761BA937100016195E /* Info.plist */ = {isa = PBXFileReference; lastKnownFileType = text.plist.xml; path = Info.plist; sourceTree = "<group>"; };
		C31E49771BA937100016195E /* main.m */ = {isa = PBXFileReference; lastKnownFileType = sourcecode.c.objc; path = main.m; sourceTree = "<group>"; };
		C31E49791BA937100016195E /* AppDelegate.h */ = {isa = PBXFileReference; lastKnownFileType = sourcecode.c.h; path = AppDelegate.h; sourceTree = "<group>"; };
		C31E497A1BA937100016195E /* AppDelegate.m */ = {isa = PBXFileReference; lastKnownFileType = sourcecode.c.objc; path = AppDelegate.m; sourceTree = "<group>"; };
		C31E497C1BA937100016195E /* ViewController.h */ = {isa = PBXFileReference; lastKnownFileType = sourcecode.c.h; path = ViewController.h; sourceTree = "<group>"; };
		C31E497D1BA937100016195E /* ViewController.m */ = {isa = PBXFileReference; lastKnownFileType = sourcecode.c.objc; path = ViewController.m; sourceTree = "<group>"; };
		C31E49801BA937100016195E /* Base */ = {isa = PBXFileReference; lastKnownFileType = file.storyboard; name = Base; path = Base.lproj/Main.storyboard; sourceTree = "<group>"; };
		C31E49821BA937100016195E /* Images.xcassets */ = {isa = PBXFileReference; lastKnownFileType = folder.assetcatalog; path = Images.xcassets; sourceTree = "<group>"; };
		C31E49851BA937100016195E /* Base */ = {isa = PBXFileReference; lastKnownFileType = file.xib; name = Base; path = Base.lproj/LaunchScreen.xib; sourceTree = "<group>"; };
		C31E498B1BA937100016195E /* iwf-testTests.xctest */ = {isa = PBXFileReference; explicitFileType = wrapper.cfbundle; includeInIndex = 0; path = "iwf-testTests.xctest"; sourceTree = BUILT_PRODUCTS_DIR; };
		C31E49901BA937100016195E /* Info.plist */ = {isa = PBXFileReference; lastKnownFileType = text.plist.xml; path = Info.plist; sourceTree = "<group>"; };
		C31E49911BA937100016195E /* iwf_testTests.m */ = {isa = PBXFileReference; lastKnownFileType = sourcecode.c.objc; path = iwf_testTests.m; sourceTree = "<group>"; };
		C31E499C1BA937320016195E /* iwf.xcodeproj */ = {isa = PBXFileReference; lastKnownFileType = "wrapper.pb-project"; name = iwf.xcodeproj; path = ../iwf.xcodeproj; sourceTree = "<group>"; };
		C31E49A71BA938820016195E /* Categories.json */ = {isa = PBXFileReference; fileEncoding = 4; lastKnownFileType = text.json; path = Categories.json; sourceTree = "<group>"; };
		C31E49A81BA938820016195E /* Child-1.json */ = {isa = PBXFileReference; fileEncoding = 4; lastKnownFileType = text.json; path = "Child-1.json"; sourceTree = "<group>"; };
		C31E49A91BA938820016195E /* Child-20.json */ = {isa = PBXFileReference; fileEncoding = 4; lastKnownFileType = text.json; path = "Child-20.json"; sourceTree = "<group>"; };
		C31E49AA1BA938820016195E /* Child-21.json */ = {isa = PBXFileReference; fileEncoding = 4; lastKnownFileType = text.json; path = "Child-21.json"; sourceTree = "<group>"; };
		C31E49AB1BA938820016195E /* Child-3.json */ = {isa = PBXFileReference; fileEncoding = 4; lastKnownFileType = text.json; path = "Child-3.json"; sourceTree = "<group>"; };
		C31E49AC1BA938820016195E /* Child-4.json */ = {isa = PBXFileReference; fileEncoding = 4; lastKnownFileType = text.json; path = "Child-4.json"; sourceTree = "<group>"; };
		C31E49AD1BA938820016195E /* Child-6.json */ = {isa = PBXFileReference; fileEncoding = 4; lastKnownFileType = text.json; path = "Child-6.json"; sourceTree = "<group>"; };
		C31E49AE1BA938820016195E /* Commodities.json */ = {isa = PBXFileReference; fileEncoding = 4; lastKnownFileType = text.json; path = Commodities.json; sourceTree = "<group>"; };
		C31E49AF1BA938820016195E /* Parent.json */ = {isa = PBXFileReference; fileEncoding = 4; lastKnownFileType = text.json; path = Parent.json; sourceTree = "<group>"; };
		C31E49B01BA938820016195E /* SubChild.json */ = {isa = PBXFileReference; fileEncoding = 4; lastKnownFileType = text.json; path = SubChild.json; sourceTree = "<group>"; };
		C31E49B11BA938820016195E /* taobaolevel.txt */ = {isa = PBXFileReference; fileEncoding = 4; lastKnownFileType = text; path = taobaolevel.txt; sourceTree = "<group>"; };
		C31E49B21BA938820016195E /* Var.h */ = {isa = PBXFileReference; fileEncoding = 4; lastKnownFileType = sourcecode.c.h; path = Var.h; sourceTree = "<group>"; };
		C31E49B41BA938820016195E /* AutoLayoutVCtl.h */ = {isa = PBXFileReference; fileEncoding = 4; lastKnownFileType = sourcecode.c.h; path = AutoLayoutVCtl.h; sourceTree = "<group>"; };
		C31E49B51BA938820016195E /* AutoLayoutVCtl.m */ = {isa = PBXFileReference; fileEncoding = 4; lastKnownFileType = sourcecode.c.objc; path = AutoLayoutVCtl.m; sourceTree = "<group>"; };
		C31E49B61BA938820016195E /* AutoLayoutVCtl.xib */ = {isa = PBXFileReference; fileEncoding = 4; lastKnownFileType = file.xib; path = AutoLayoutVCtl.xib; sourceTree = "<group>"; };
		C31E49B71BA938820016195E /* BoundsImageVCtl.h */ = {isa = PBXFileReference; fileEncoding = 4; lastKnownFileType = sourcecode.c.h; path = BoundsImageVCtl.h; sourceTree = "<group>"; };
		C31E49B81BA938820016195E /* BoundsImageVCtl.m */ = {isa = PBXFileReference; fileEncoding = 4; lastKnownFileType = sourcecode.c.objc; path = BoundsImageVCtl.m; sourceTree = "<group>"; };
		C31E49B91BA938820016195E /* CellAnimationVCtl.h */ = {isa = PBXFileReference; fileEncoding = 4; lastKnownFileType = sourcecode.c.h; path = CellAnimationVCtl.h; sourceTree = "<group>"; };
		C31E49BA1BA938820016195E /* CellAnimationVCtl.m */ = {isa = PBXFileReference; fileEncoding = 4; lastKnownFileType = sourcecode.c.objc; path = CellAnimationVCtl.m; sourceTree = "<group>"; };
		C31E49BB1BA938820016195E /* ClassExtVCtl.h */ = {isa = PBXFileReference; fileEncoding = 4; lastKnownFileType = sourcecode.c.h; path = ClassExtVCtl.h; sourceTree = "<group>"; };
		C31E49BC1BA938820016195E /* ClassExtVCtl.m */ = {isa = PBXFileReference; fileEncoding = 4; lastKnownFileType = sourcecode.c.objc; path = ClassExtVCtl.m; sourceTree = "<group>"; };
		C31E49BD1BA938820016195E /* ColorImageVCtl.h */ = {isa = PBXFileReference; fileEncoding = 4; lastKnownFileType = sourcecode.c.h; path = ColorImageVCtl.h; sourceTree = "<group>"; };
		C31E49BE1BA938820016195E /* ColorImageVCtl.m */ = {isa = PBXFileReference; fileEncoding = 4; lastKnownFileType = sourcecode.c.objc; path = ColorImageVCtl.m; sourceTree = "<group>"; };
		C31E49BF1BA938820016195E /* FocusViewVCtl.h */ = {isa = PBXFileReference; fileEncoding = 4; lastKnownFileType = sourcecode.c.h; path = FocusViewVCtl.h; sourceTree = "<group>"; };
		C31E49C01BA938820016195E /* FocusViewVCtl.m */ = {isa = PBXFileReference; fileEncoding = 4; lastKnownFileType = sourcecode.c.objc; path = FocusViewVCtl.m; sourceTree = "<group>"; };
		C31E49C11BA938820016195E /* FocusViewVCtl.xib */ = {isa = PBXFileReference; fileEncoding = 4; lastKnownFileType = file.xib; path = FocusViewVCtl.xib; sourceTree = "<group>"; };
		C31E49C21BA938820016195E /* ForTableViewTestVCtl.h */ = {isa = PBXFileReference; fileEncoding = 4; lastKnownFileType = sourcecode.c.h; path = ForTableViewTestVCtl.h; sourceTree = "<group>"; };
		C31E49C31BA938820016195E /* ForTableViewTestVCtl.m */ = {isa = PBXFileReference; fileEncoding = 4; lastKnownFileType = sourcecode.c.objc; path = ForTableViewTestVCtl.m; sourceTree = "<group>"; };
		C31E49C41BA938820016195E /* ForTableViewTestVCtl.xib */ = {isa = PBXFileReference; fileEncoding = 4; lastKnownFileType = file.xib; path = ForTableViewTestVCtl.xib; sourceTree = "<group>"; };
		C31E49C51BA938820016195E /* ForTestActionVCtl.h */ = {isa = PBXFileReference; fileEncoding = 4; lastKnownFileType = sourcecode.c.h; path = ForTestActionVCtl.h; sourceTree = "<group>"; };
		C31E49C61BA938820016195E /* ForTestActionVCtl.m */ = {isa = PBXFileReference; fileEncoding = 4; lastKnownFileType = sourcecode.c.objc; path = ForTestActionVCtl.m; sourceTree = "<group>"; };
		C31E49C71BA938820016195E /* ForTestActionVCtl.xib */ = {isa = PBXFileReference; fileEncoding = 4; lastKnownFileType = file.xib; path = ForTestActionVCtl.xib; sourceTree = "<group>"; };
		C31E49C81BA938820016195E /* HttpCancelVCtl.h */ = {isa = PBXFileReference; fileEncoding = 4; lastKnownFileType = sourcecode.c.h; path = HttpCancelVCtl.h; sourceTree = "<group>"; };
		C31E49C91BA938820016195E /* HttpCancelVCtl.m */ = {isa = PBXFileReference; fileEncoding = 4; lastKnownFileType = sourcecode.c.objc; path = HttpCancelVCtl.m; sourceTree = "<group>"; };
		C31E49CA1BA938820016195E /* LeftPushEffectVCtl.h */ = {isa = PBXFileReference; fileEncoding = 4; lastKnownFileType = sourcecode.c.h; path = LeftPushEffectVCtl.h; sourceTree = "<group>"; };
		C31E49CB1BA938820016195E /* LeftPushEffectVCtl.m */ = {isa = PBXFileReference; fileEncoding = 4; lastKnownFileType = sourcecode.c.objc; path = LeftPushEffectVCtl.m; sourceTree = "<group>"; };
		C31E49CC1BA938820016195E /* LineViewVCtl.h */ = {isa = PBXFileReference; fileEncoding = 4; lastKnownFileType = sourcecode.c.h; path = LineViewVCtl.h; sourceTree = "<group>"; };
		C31E49CD1BA938820016195E /* LineViewVCtl.m */ = {isa = PBXFileReference; fileEncoding = 4; lastKnownFileType = sourcecode.c.objc; path = LineViewVCtl.m; sourceTree = "<group>"; };
		C31E49CE1BA938820016195E /* NavRootVCtl.h */ = {isa = PBXFileReference; fileEncoding = 4; lastKnownFileType = sourcecode.c.h; path = NavRootVCtl.h; sourceTree = "<group>"; };
		C31E49CF1BA938820016195E /* NavRootVCtl.m */ = {isa = PBXFileReference; fileEncoding = 4; lastKnownFileType = sourcecode.c.objc; path = NavRootVCtl.m; sourceTree = "<group>"; };
		C31E49D01BA938820016195E /* StarViewVCtl.h */ = {isa = PBXFileReference; fileEncoding = 4; lastKnownFileType = sourcecode.c.h; path = StarViewVCtl.h; sourceTree = "<group>"; };
		C31E49D11BA938820016195E /* StarViewVCtl.m */ = {isa = PBXFileReference; fileEncoding = 4; lastKnownFileType = sourcecode.c.objc; path = StarViewVCtl.m; sourceTree = "<group>"; };
		C31E49D21BA938820016195E /* TableExtVCtl.h */ = {isa = PBXFileReference; fileEncoding = 4; lastKnownFileType = sourcecode.c.h; path = TableExtVCtl.h; sourceTree = "<group>"; };
		C31E49D31BA938820016195E /* TableExtVCtl.m */ = {isa = PBXFileReference; fileEncoding = 4; lastKnownFileType = sourcecode.c.objc; path = TableExtVCtl.m; sourceTree = "<group>"; };
		C31E49D41BA938820016195E /* TableExtXibVCtl.h */ = {isa = PBXFileReference; fileEncoding = 4; lastKnownFileType = sourcecode.c.h; path = TableExtXibVCtl.h; sourceTree = "<group>"; };
		C31E49D51BA938820016195E /* TableExtXibVCtl.m */ = {isa = PBXFileReference; fileEncoding = 4; lastKnownFileType = sourcecode.c.objc; path = TableExtXibVCtl.m; sourceTree = "<group>"; };
		C31E49D61BA938820016195E /* TableExtXibVCtl.xib */ = {isa = PBXFileReference; fileEncoding = 4; lastKnownFileType = file.xib; path = TableExtXibVCtl.xib; sourceTree = "<group>"; };
		C31E49D71BA938820016195E /* TreeVCtl.h */ = {isa = PBXFileReference; fileEncoding = 4; lastKnownFileType = sourcecode.c.h; path = TreeVCtl.h; sourceTree = "<group>"; };
		C31E49D81BA938820016195E /* TreeVCtl.m */ = {isa = PBXFileReference; fileEncoding = 4; lastKnownFileType = sourcecode.c.objc; path = TreeVCtl.m; sourceTree = "<group>"; };
		C31E49D91BA938820016195E /* WebViewVCtl.h */ = {isa = PBXFileReference; fileEncoding = 4; lastKnownFileType = sourcecode.c.h; path = WebViewVCtl.h; sourceTree = "<group>"; };
		C31E49DA1BA938820016195E /* WebViewVCtl.m */ = {isa = PBXFileReference; fileEncoding = 4; lastKnownFileType = sourcecode.c.objc; path = WebViewVCtl.m; sourceTree = "<group>"; };
		C31E49DC1BA938820016195E /* TableExtItemView.h */ = {isa = PBXFileReference; fileEncoding = 4; lastKnownFileType = sourcecode.c.h; path = TableExtItemView.h; sourceTree = "<group>"; };
		C31E49DD1BA938820016195E /* TableExtItemView.m */ = {isa = PBXFileReference; fileEncoding = 4; lastKnownFileType = sourcecode.c.objc; path = TableExtItemView.m; sourceTree = "<group>"; };
		C31E49DE1BA938820016195E /* TableExtItemView.xib */ = {isa = PBXFileReference; fileEncoding = 4; lastKnownFileType = file.xib; path = TableExtItemView.xib; sourceTree = "<group>"; };
		C31E49E01BA938820016195E /* JSONKit.h */ = {isa = PBXFileReference; fileEncoding = 4; lastKnownFileType = sourcecode.c.h; path = JSONKit.h; sourceTree = "<group>"; };
		C31E49E11BA938820016195E /* JSONKit.m */ = {isa = PBXFileReference; fileEncoding = 4; lastKnownFileType = sourcecode.c.objc; path = JSONKit.m; sourceTree = "<group>"; };
		C31E4A2C1BA939300016195E /* ForTableViewTestVCtlTest.m */ = {isa = PBXFileReference; fileEncoding = 4; lastKnownFileType = sourcecode.c.objc; path = ForTableViewTestVCtlTest.m; sourceTree = "<group>"; };
		C31E4A2D1BA939300016195E /* ForTestActionVCtlTest.m */ = {isa = PBXFileReference; fileEncoding = 4; lastKnownFileType = sourcecode.c.objc; path = ForTestActionVCtlTest.m; sourceTree = "<group>"; };
/* End PBXFileReference section */

/* Begin PBXFrameworksBuildPhase section */
		C31E496F1BA937100016195E /* Frameworks */ = {
			isa = PBXFrameworksBuildPhase;
			buildActionMask = 2147483647;
			files = (
				17C002011EB882C50028E7FE /* ProtocolBuffers.framework in Frameworks */,
				C31E4A301BA939A70016195E /* iwf.framework in Frameworks */,
			);
			runOnlyForDeploymentPostprocessing = 0;
		};
		C31E49881BA937100016195E /* Frameworks */ = {
			isa = PBXFrameworksBuildPhase;
			buildActionMask = 2147483647;
			files = (
			);
			runOnlyForDeploymentPostprocessing = 0;
		};
/* End PBXFrameworksBuildPhase section */

/* Begin PBXGroup section */
		C31E49691BA937100016195E = {
			isa = PBXGroup;
			children = (
				17C002001EB882C50028E7FE /* ProtocolBuffers.framework */,
				17702D701D2CE7EF00CAB7E4 /* ProtocolBuffers.framework */,
				C31E49741BA937100016195E /* iwf-test */,
				C31E498E1BA937100016195E /* iwf-testTests */,
				C31E499B1BA937260016195E /* libs */,
				C31E49731BA937100016195E /* Products */,
			);
			sourceTree = "<group>";
		};
		C31E49731BA937100016195E /* Products */ = {
			isa = PBXGroup;
			children = (
				C31E49721BA937100016195E /* iwf-test.app */,
				C31E498B1BA937100016195E /* iwf-testTests.xctest */,
			);
			name = Products;
			sourceTree = "<group>";
		};
		C31E49741BA937100016195E /* iwf-test */ = {
			isa = PBXGroup;
			children = (
				C31E49A61BA938820016195E /* data */,
				C31E49DB1BA938820016195E /* views */,
				C31E49B31BA938820016195E /* vctl */,
				C31E49791BA937100016195E /* AppDelegate.h */,
				C31E497A1BA937100016195E /* AppDelegate.m */,
				C31E497C1BA937100016195E /* ViewController.h */,
				C31E497D1BA937100016195E /* ViewController.m */,
				C31E497F1BA937100016195E /* Main.storyboard */,
				C31E49821BA937100016195E /* Images.xcassets */,
				C31E49841BA937100016195E /* LaunchScreen.xib */,
				C31E49751BA937100016195E /* Supporting Files */,
			);
			path = "iwf-test";
			sourceTree = "<group>";
		};
		C31E49751BA937100016195E /* Supporting Files */ = {
			isa = PBXGroup;
			children = (
				C31E49761BA937100016195E /* Info.plist */,
				C31E49771BA937100016195E /* main.m */,
			);
			name = "Supporting Files";
			sourceTree = "<group>";
		};
		C31E498E1BA937100016195E /* iwf-testTests */ = {
			isa = PBXGroup;
			children = (
				C31E4A2B1BA9391D0016195E /* vctl */,
				C31E49911BA937100016195E /* iwf_testTests.m */,
				C31E498F1BA937100016195E /* Supporting Files */,
			);
			path = "iwf-testTests";
			sourceTree = "<group>";
		};
		C31E498F1BA937100016195E /* Supporting Files */ = {
			isa = PBXGroup;
			children = (
				C31E49901BA937100016195E /* Info.plist */,
			);
			name = "Supporting Files";
			sourceTree = "<group>";
		};
		C31E499B1BA937260016195E /* libs */ = {
			isa = PBXGroup;
			children = (
				C31E49DF1BA938820016195E /* kit */,
				C31E499C1BA937320016195E /* iwf.xcodeproj */,
			);
			name = libs;
			sourceTree = "<group>";
		};
		C31E499D1BA937320016195E /* Products */ = {
			isa = PBXGroup;
			children = (
				C31E49A21BA937320016195E /* iwf.framework */,
				C31E49A41BA937320016195E /* iwfTests.xctest */,
			);
			name = Products;
			sourceTree = "<group>";
		};
		C31E49A61BA938820016195E /* data */ = {
			isa = PBXGroup;
			children = (
				C31E49A71BA938820016195E /* Categories.json */,
				C31E49A81BA938820016195E /* Child-1.json */,
				C31E49A91BA938820016195E /* Child-20.json */,
				C31E49AA1BA938820016195E /* Child-21.json */,
				C31E49AB1BA938820016195E /* Child-3.json */,
				C31E49AC1BA938820016195E /* Child-4.json */,
				C31E49AD1BA938820016195E /* Child-6.json */,
				C31E49AE1BA938820016195E /* Commodities.json */,
				C31E49AF1BA938820016195E /* Parent.json */,
				C31E49B01BA938820016195E /* SubChild.json */,
				C31E49B11BA938820016195E /* taobaolevel.txt */,
				C31E49B21BA938820016195E /* Var.h */,
			);
			path = data;
			sourceTree = "<group>";
		};
		C31E49B31BA938820016195E /* vctl */ = {
			isa = PBXGroup;
			children = (
				C31E49B41BA938820016195E /* AutoLayoutVCtl.h */,
				C31E49B51BA938820016195E /* AutoLayoutVCtl.m */,
				C31E49B61BA938820016195E /* AutoLayoutVCtl.xib */,
				C31E49B71BA938820016195E /* BoundsImageVCtl.h */,
				C31E49B81BA938820016195E /* BoundsImageVCtl.m */,
				C31E49B91BA938820016195E /* CellAnimationVCtl.h */,
				C31E49BA1BA938820016195E /* CellAnimationVCtl.m */,
				C31E49BB1BA938820016195E /* ClassExtVCtl.h */,
				C31E49BC1BA938820016195E /* ClassExtVCtl.m */,
				C31E49BD1BA938820016195E /* ColorImageVCtl.h */,
				C31E49BE1BA938820016195E /* ColorImageVCtl.m */,
				C31E49BF1BA938820016195E /* FocusViewVCtl.h */,
				C31E49C01BA938820016195E /* FocusViewVCtl.m */,
				C31E49C11BA938820016195E /* FocusViewVCtl.xib */,
				C31E49C21BA938820016195E /* ForTableViewTestVCtl.h */,
				C31E49C31BA938820016195E /* ForTableViewTestVCtl.m */,
				C31E49C41BA938820016195E /* ForTableViewTestVCtl.xib */,
				C31E49C51BA938820016195E /* ForTestActionVCtl.h */,
				C31E49C61BA938820016195E /* ForTestActionVCtl.m */,
				C31E49C71BA938820016195E /* ForTestActionVCtl.xib */,
				C31E49C81BA938820016195E /* HttpCancelVCtl.h */,
				C31E49C91BA938820016195E /* HttpCancelVCtl.m */,
				C31E49CA1BA938820016195E /* LeftPushEffectVCtl.h */,
				C31E49CB1BA938820016195E /* LeftPushEffectVCtl.m */,
				C31E49CC1BA938820016195E /* LineViewVCtl.h */,
				C31E49CD1BA938820016195E /* LineViewVCtl.m */,
				C31E49CE1BA938820016195E /* NavRootVCtl.h */,
				C31E49CF1BA938820016195E /* NavRootVCtl.m */,
				C31E49D01BA938820016195E /* StarViewVCtl.h */,
				C31E49D11BA938820016195E /* StarViewVCtl.m */,
				C31E49D21BA938820016195E /* TableExtVCtl.h */,
				C31E49D31BA938820016195E /* TableExtVCtl.m */,
				C31E49D41BA938820016195E /* TableExtXibVCtl.h */,
				C31E49D51BA938820016195E /* TableExtXibVCtl.m */,
				C31E49D61BA938820016195E /* TableExtXibVCtl.xib */,
				C31E49D71BA938820016195E /* TreeVCtl.h */,
				C31E49D81BA938820016195E /* TreeVCtl.m */,
				C31E49D91BA938820016195E /* WebViewVCtl.h */,
				C31E49DA1BA938820016195E /* WebViewVCtl.m */,
				1792D0821BB8EE52000B7D16 /* ForTestTextFieldVCtl.h */,
				1792D0831BB8EE52000B7D16 /* ForTestTextFieldVCtl.m */,
				1792D0841BB8EE52000B7D16 /* ForTestTextFieldVCtl.xib */,
				17CD69F21C04021A00DCC395 /* ImVCtl.h */,
				17CD69F31C04021A00DCC395 /* ImVCtl.m */,
				17CD69F41C04021A00DCC395 /* ImVCtl.xib */,
			);
			path = vctl;
			sourceTree = "<group>";
		};
		C31E49DB1BA938820016195E /* views */ = {
			isa = PBXGroup;
			children = (
				C31E49DC1BA938820016195E /* TableExtItemView.h */,
				C31E49DD1BA938820016195E /* TableExtItemView.m */,
				C31E49DE1BA938820016195E /* TableExtItemView.xib */,
			);
			path = views;
			sourceTree = "<group>";
		};
		C31E49DF1BA938820016195E /* kit */ = {
			isa = PBXGroup;
			children = (
				C31E49E01BA938820016195E /* JSONKit.h */,
				C31E49E11BA938820016195E /* JSONKit.m */,
			);
			name = kit;
			path = "iwf-test/kit";
			sourceTree = "<group>";
		};
		C31E4A2B1BA9391D0016195E /* vctl */ = {
			isa = PBXGroup;
			children = (
				C31E4A2C1BA939300016195E /* ForTableViewTestVCtlTest.m */,
				C31E4A2D1BA939300016195E /* ForTestActionVCtlTest.m */,
				1792D08A1BB8EFC7000B7D16 /* ForTestTextFieldVCtlTest.m */,
			);
			name = vctl;
			sourceTree = "<group>";
		};
/* End PBXGroup section */

/* Begin PBXNativeTarget section */
		C31E49711BA937100016195E /* iwf-test */ = {
			isa = PBXNativeTarget;
			buildConfigurationList = C31E49951BA937100016195E /* Build configuration list for PBXNativeTarget "iwf-test" */;
			buildPhases = (
				C31E496E1BA937100016195E /* Sources */,
				C31E496F1BA937100016195E /* Frameworks */,
				C31E49701BA937100016195E /* Resources */,
				C31E4A341BA939A70016195E /* Embed Frameworks */,
			);
			buildRules = (
			);
			dependencies = (
				C31E4A331BA939A70016195E /* PBXTargetDependency */,
			);
			name = "iwf-test";
			productName = "iwf-test";
			productReference = C31E49721BA937100016195E /* iwf-test.app */;
			productType = "com.apple.product-type.application";
		};
		C31E498A1BA937100016195E /* iwf-testTests */ = {
			isa = PBXNativeTarget;
			buildConfigurationList = C31E49981BA937100016195E /* Build configuration list for PBXNativeTarget "iwf-testTests" */;
			buildPhases = (
				C31E49871BA937100016195E /* Sources */,
				C31E49881BA937100016195E /* Frameworks */,
				C31E49891BA937100016195E /* Resources */,
				C3776C851BA945A500400A3B /* ShellScript */,
			);
			buildRules = (
			);
			dependencies = (
				C31E498D1BA937100016195E /* PBXTargetDependency */,
			);
			name = "iwf-testTests";
			productName = "iwf-testTests";
			productReference = C31E498B1BA937100016195E /* iwf-testTests.xctest */;
			productType = "com.apple.product-type.bundle.unit-test";
		};
/* End PBXNativeTarget section */

/* Begin PBXProject section */
		C31E496A1BA937100016195E /* Project object */ = {
			isa = PBXProject;
			attributes = {
				LastUpgradeCheck = 0640;
				ORGANIZATIONNAME = Snows;
				TargetAttributes = {
					C31E49711BA937100016195E = {
						CreatedOnToolsVersion = 6.4;
						DevelopmentTeam = 78TPHVCJDH;
					};
					C31E498A1BA937100016195E = {
						CreatedOnToolsVersion = 6.4;
						TestTargetID = C31E49711BA937100016195E;
					};
				};
			};
			buildConfigurationList = C31E496D1BA937100016195E /* Build configuration list for PBXProject "iwf-test" */;
			compatibilityVersion = "Xcode 3.2";
			developmentRegion = English;
			hasScannedForEncodings = 0;
			knownRegions = (
				en,
				Base,
			);
			mainGroup = C31E49691BA937100016195E;
			productRefGroup = C31E49731BA937100016195E /* Products */;
			projectDirPath = "";
			projectReferences = (
				{
					ProductGroup = C31E499D1BA937320016195E /* Products */;
					ProjectRef = C31E499C1BA937320016195E /* iwf.xcodeproj */;
				},
			);
			projectRoot = "";
			targets = (
				C31E49711BA937100016195E /* iwf-test */,
				C31E498A1BA937100016195E /* iwf-testTests */,
			);
		};
/* End PBXProject section */

/* Begin PBXReferenceProxy section */
		C31E49A21BA937320016195E /* iwf.framework */ = {
			isa = PBXReferenceProxy;
			fileType = wrapper.framework;
			path = iwf.framework;
			remoteRef = C31E49A11BA937320016195E /* PBXContainerItemProxy */;
			sourceTree = BUILT_PRODUCTS_DIR;
		};
		C31E49A41BA937320016195E /* iwfTests.xctest */ = {
			isa = PBXReferenceProxy;
			fileType = wrapper.cfbundle;
			path = iwfTests.xctest;
			remoteRef = C31E49A31BA937320016195E /* PBXContainerItemProxy */;
			sourceTree = BUILT_PRODUCTS_DIR;
		};
/* End PBXReferenceProxy section */

/* Begin PBXResourcesBuildPhase section */
		C31E49701BA937100016195E /* Resources */ = {
			isa = PBXResourcesBuildPhase;
			buildActionMask = 2147483647;
			files = (
				C31E4A261BA938820016195E /* TableExtItemView.xib in Resources */,
				C31E49EA1BA938820016195E /* Child-3.json in Resources */,
				C31E49F41BA938820016195E /* SubChild.json in Resources */,
				C31E49E61BA938820016195E /* Child-20.json in Resources */,
				C31E49811BA937100016195E /* Main.storyboard in Resources */,
				C31E49E21BA938820016195E /* Categories.json in Resources */,
				1792D0871BB8EE52000B7D16 /* ForTestTextFieldVCtl.xib in Resources */,
				C31E4A0A1BA938820016195E /* ForTableViewTestVCtl.xib in Resources */,
				C31E49EC1BA938820016195E /* Child-4.json in Resources */,
				C31E4A061BA938820016195E /* FocusViewVCtl.xib in Resources */,
				C31E4A0E1BA938820016195E /* ForTestActionVCtl.xib in Resources */,
				C31E49861BA937100016195E /* LaunchScreen.xib in Resources */,
				C31E49831BA937100016195E /* Images.xcassets in Resources */,
				C31E49E41BA938820016195E /* Child-1.json in Resources */,
				C31E49E81BA938820016195E /* Child-21.json in Resources */,
				C31E4A1E1BA938820016195E /* TableExtXibVCtl.xib in Resources */,
				C31E49F21BA938820016195E /* Parent.json in Resources */,
				C31E49F61BA938820016195E /* taobaolevel.txt in Resources */,
				C31E49FA1BA938820016195E /* AutoLayoutVCtl.xib in Resources */,
				C31E49F01BA938820016195E /* Commodities.json in Resources */,
				17CD69F61C04021A00DCC395 /* ImVCtl.xib in Resources */,
				C31E49EE1BA938820016195E /* Child-6.json in Resources */,
			);
			runOnlyForDeploymentPostprocessing = 0;
		};
		C31E49891BA937100016195E /* Resources */ = {
			isa = PBXResourcesBuildPhase;
			buildActionMask = 2147483647;
			files = (
				C31E49F71BA938820016195E /* taobaolevel.txt in Resources */,
				C31E4A271BA938820016195E /* TableExtItemView.xib in Resources */,
				C31E49F31BA938820016195E /* Parent.json in Resources */,
				C31E49E71BA938820016195E /* Child-20.json in Resources */,
				C31E49FB1BA938820016195E /* AutoLayoutVCtl.xib in Resources */,
				C31E49ED1BA938820016195E /* Child-4.json in Resources */,
				1792D0881BB8EE52000B7D16 /* ForTestTextFieldVCtl.xib in Resources */,
				C31E49E91BA938820016195E /* Child-21.json in Resources */,
				C31E4A071BA938820016195E /* FocusViewVCtl.xib in Resources */,
				C31E49E51BA938820016195E /* Child-1.json in Resources */,
				C31E4A0F1BA938820016195E /* ForTestActionVCtl.xib in Resources */,
				C31E4A1F1BA938820016195E /* TableExtXibVCtl.xib in Resources */,
				C31E4A0B1BA938820016195E /* ForTableViewTestVCtl.xib in Resources */,
				C31E49E31BA938820016195E /* Categories.json in Resources */,
				C31E49F11BA938820016195E /* Commodities.json in Resources */,
				C31E49F51BA938820016195E /* SubChild.json in Resources */,
				C31E49EF1BA938820016195E /* Child-6.json in Resources */,
				C31E49EB1BA938820016195E /* Child-3.json in Resources */,
			);
			runOnlyForDeploymentPostprocessing = 0;
		};
/* End PBXResourcesBuildPhase section */

/* Begin PBXShellScriptBuildPhase section */
		C3776C851BA945A500400A3B /* ShellScript */ = {
			isa = PBXShellScriptBuildPhase;
			buildActionMask = 2147483647;
			files = (
			);
			inputPaths = (
			);
			outputPaths = (
			);
			runOnlyForDeploymentPostprocessing = 0;
			shellPath = /bin/sh;
			shellScript = "echo ${OBJECT_FILE_DIR}-normal/x86_64 > ${SRCROOT}/object_file_dir\n\npython ${SRCROOT}/build_scripts/export_build_vars.py object_file_dir=${OBJECT_FILE_DIR}-normal/x86_64 build_dir=${OBJROOT}";
		};
/* End PBXShellScriptBuildPhase section */

/* Begin PBXSourcesBuildPhase section */
		C31E496E1BA937100016195E /* Sources */ = {
			isa = PBXSourcesBuildPhase;
			buildActionMask = 2147483647;
			files = (
				C31E49FC1BA938820016195E /* BoundsImageVCtl.m in Sources */,
				C31E49FE1BA938820016195E /* CellAnimationVCtl.m in Sources */,
				C31E4A1A1BA938820016195E /* TableExtVCtl.m in Sources */,
				C31E4A041BA938820016195E /* FocusViewVCtl.m in Sources */,
				C31E497E1BA937100016195E /* ViewController.m in Sources */,
				C31E497B1BA937100016195E /* AppDelegate.m in Sources */,
				C31E4A201BA938820016195E /* TreeVCtl.m in Sources */,
				C31E4A241BA938820016195E /* TableExtItemView.m in Sources */,
				C31E49781BA937100016195E /* main.m in Sources */,
				C31E4A1C1BA938820016195E /* TableExtXibVCtl.m in Sources */,
				17CD69F51C04021A00DCC395 /* ImVCtl.m in Sources */,
				1792D0851BB8EE52000B7D16 /* ForTestTextFieldVCtl.m in Sources */,
				C31E4A281BA938820016195E /* JSONKit.m in Sources */,
				C31E4A081BA938820016195E /* ForTableViewTestVCtl.m in Sources */,
				C31E4A181BA938820016195E /* StarViewVCtl.m in Sources */,
				C31E4A161BA938820016195E /* NavRootVCtl.m in Sources */,
				C31E49F81BA938820016195E /* AutoLayoutVCtl.m in Sources */,
				C31E4A021BA938820016195E /* ColorImageVCtl.m in Sources */,
				C31E4A221BA938820016195E /* WebViewVCtl.m in Sources */,
				C31E4A001BA938820016195E /* ClassExtVCtl.m in Sources */,
				C31E4A101BA938820016195E /* HttpCancelVCtl.m in Sources */,
				C31E4A141BA938820016195E /* LineViewVCtl.m in Sources */,
				C31E4A0C1BA938820016195E /* ForTestActionVCtl.m in Sources */,
				C31E4A121BA938820016195E /* LeftPushEffectVCtl.m in Sources */,
			);
			runOnlyForDeploymentPostprocessing = 0;
		};
		C31E49871BA937100016195E /* Sources */ = {
			isa = PBXSourcesBuildPhase;
			buildActionMask = 2147483647;
			files = (
				C31E4A231BA938820016195E /* WebViewVCtl.m in Sources */,
				C31E49921BA937100016195E /* iwf_testTests.m in Sources */,
				1792D08B1BB8EFC7000B7D16 /* ForTestTextFieldVCtlTest.m in Sources */,
				C31E4A1D1BA938820016195E /* TableExtXibVCtl.m in Sources */,
				C31E49FD1BA938820016195E /* BoundsImageVCtl.m in Sources */,
				C31E4A171BA938820016195E /* NavRootVCtl.m in Sources */,
				C31E4A051BA938820016195E /* FocusViewVCtl.m in Sources */,
				C31E4A1B1BA938820016195E /* TableExtVCtl.m in Sources */,
				C31E49F91BA938820016195E /* AutoLayoutVCtl.m in Sources */,
				C31E4A2F1BA939300016195E /* ForTestActionVCtlTest.m in Sources */,
				C31E4A251BA938820016195E /* TableExtItemView.m in Sources */,
				1792D0861BB8EE52000B7D16 /* ForTestTextFieldVCtl.m in Sources */,
				C31E4A131BA938820016195E /* LeftPushEffectVCtl.m in Sources */,
				C31E4A151BA938820016195E /* LineViewVCtl.m in Sources */,
				C31E4A091BA938820016195E /* ForTableViewTestVCtl.m in Sources */,
				C31E49FF1BA938820016195E /* CellAnimationVCtl.m in Sources */,
				C31E4A211BA938820016195E /* TreeVCtl.m in Sources */,
				C31E4A291BA938820016195E /* JSONKit.m in Sources */,
				C31E4A111BA938820016195E /* HttpCancelVCtl.m in Sources */,
				C31E4A031BA938820016195E /* ColorImageVCtl.m in Sources */,
				C31E4A191BA938820016195E /* StarViewVCtl.m in Sources */,
				C31E4A2E1BA939300016195E /* ForTableViewTestVCtlTest.m in Sources */,
				C31E4A0D1BA938820016195E /* ForTestActionVCtl.m in Sources */,
				C31E4A011BA938820016195E /* ClassExtVCtl.m in Sources */,
			);
			runOnlyForDeploymentPostprocessing = 0;
		};
/* End PBXSourcesBuildPhase section */

/* Begin PBXTargetDependency section */
		C31E498D1BA937100016195E /* PBXTargetDependency */ = {
			isa = PBXTargetDependency;
			target = C31E49711BA937100016195E /* iwf-test */;
			targetProxy = C31E498C1BA937100016195E /* PBXContainerItemProxy */;
		};
		C31E4A331BA939A70016195E /* PBXTargetDependency */ = {
			isa = PBXTargetDependency;
			name = iwf;
			targetProxy = C31E4A321BA939A70016195E /* PBXContainerItemProxy */;
		};
/* End PBXTargetDependency section */

/* Begin PBXVariantGroup section */
		C31E497F1BA937100016195E /* Main.storyboard */ = {
			isa = PBXVariantGroup;
			children = (
				C31E49801BA937100016195E /* Base */,
			);
			name = Main.storyboard;
			sourceTree = "<group>";
		};
		C31E49841BA937100016195E /* LaunchScreen.xib */ = {
			isa = PBXVariantGroup;
			children = (
				C31E49851BA937100016195E /* Base */,
			);
			name = LaunchScreen.xib;
			sourceTree = "<group>";
		};
/* End PBXVariantGroup section */

/* Begin XCBuildConfiguration section */
		C31E49931BA937100016195E /* Debug */ = {
			isa = XCBuildConfiguration;
			buildSettings = {
				ALWAYS_SEARCH_USER_PATHS = NO;
				CLANG_CXX_LANGUAGE_STANDARD = "gnu++0x";
				CLANG_CXX_LIBRARY = "libc++";
				CLANG_ENABLE_MODULES = YES;
				CLANG_ENABLE_OBJC_ARC = YES;
				CLANG_WARN_BOOL_CONVERSION = YES;
				CLANG_WARN_CONSTANT_CONVERSION = YES;
				CLANG_WARN_DIRECT_OBJC_ISA_USAGE = YES_ERROR;
				CLANG_WARN_EMPTY_BODY = YES;
				CLANG_WARN_ENUM_CONVERSION = YES;
				CLANG_WARN_INT_CONVERSION = YES;
				CLANG_WARN_OBJC_ROOT_CLASS = YES_ERROR;
				CLANG_WARN_UNREACHABLE_CODE = YES;
				CLANG_WARN__DUPLICATE_METHOD_MATCH = YES;
				"CODE_SIGN_IDENTITY[sdk=iphoneos*]" = "iPhone Developer";
				COPY_PHASE_STRIP = NO;
				DEBUG_INFORMATION_FORMAT = "dwarf-with-dsym";
				EMBEDDED_CONTENT_CONTAINS_SWIFT = YES;
				ENABLE_STRICT_OBJC_MSGSEND = YES;
				GCC_C_LANGUAGE_STANDARD = gnu99;
				GCC_DYNAMIC_NO_PIC = NO;
				GCC_GENERATE_TEST_COVERAGE_FILES = YES;
				GCC_INSTRUMENT_PROGRAM_FLOW_ARCS = YES;
				GCC_NO_COMMON_BLOCKS = YES;
				GCC_OPTIMIZATION_LEVEL = 0;
				GCC_PREPROCESSOR_DEFINITIONS = (
					"DEBUG=1",
					"$(inherited)",
				);
				GCC_SYMBOLS_PRIVATE_EXTERN = NO;
				GCC_WARN_64_TO_32_BIT_CONVERSION = YES;
				GCC_WARN_ABOUT_RETURN_TYPE = YES_ERROR;
				GCC_WARN_UNDECLARED_SELECTOR = YES;
				GCC_WARN_UNINITIALIZED_AUTOS = YES_AGGRESSIVE;
				GCC_WARN_UNUSED_FUNCTION = YES;
				GCC_WARN_UNUSED_VARIABLE = YES;
				IPHONEOS_DEPLOYMENT_TARGET = 8.4;
				MTL_ENABLE_DEBUG_INFO = YES;
				ONLY_ACTIVE_ARCH = YES;
				SDKROOT = iphoneos;
			};
			name = Debug;
		};
		C31E49941BA937100016195E /* Release */ = {
			isa = XCBuildConfiguration;
			buildSettings = {
				ALWAYS_SEARCH_USER_PATHS = NO;
				CLANG_CXX_LANGUAGE_STANDARD = "gnu++0x";
				CLANG_CXX_LIBRARY = "libc++";
				CLANG_ENABLE_MODULES = YES;
				CLANG_ENABLE_OBJC_ARC = YES;
				CLANG_WARN_BOOL_CONVERSION = YES;
				CLANG_WARN_CONSTANT_CONVERSION = YES;
				CLANG_WARN_DIRECT_OBJC_ISA_USAGE = YES_ERROR;
				CLANG_WARN_EMPTY_BODY = YES;
				CLANG_WARN_ENUM_CONVERSION = YES;
				CLANG_WARN_INT_CONVERSION = YES;
				CLANG_WARN_OBJC_ROOT_CLASS = YES_ERROR;
				CLANG_WARN_UNREACHABLE_CODE = YES;
				CLANG_WARN__DUPLICATE_METHOD_MATCH = YES;
				"CODE_SIGN_IDENTITY[sdk=iphoneos*]" = "iPhone Developer";
				COPY_PHASE_STRIP = NO;
				DEBUG_INFORMATION_FORMAT = "dwarf-with-dsym";
				EMBEDDED_CONTENT_CONTAINS_SWIFT = YES;
				ENABLE_NS_ASSERTIONS = NO;
				ENABLE_STRICT_OBJC_MSGSEND = YES;
				GCC_C_LANGUAGE_STANDARD = gnu99;
				GCC_GENERATE_TEST_COVERAGE_FILES = YES;
				GCC_INSTRUMENT_PROGRAM_FLOW_ARCS = YES;
				GCC_NO_COMMON_BLOCKS = YES;
				GCC_WARN_64_TO_32_BIT_CONVERSION = YES;
				GCC_WARN_ABOUT_RETURN_TYPE = YES_ERROR;
				GCC_WARN_UNDECLARED_SELECTOR = YES;
				GCC_WARN_UNINITIALIZED_AUTOS = YES_AGGRESSIVE;
				GCC_WARN_UNUSED_FUNCTION = YES;
				GCC_WARN_UNUSED_VARIABLE = YES;
				IPHONEOS_DEPLOYMENT_TARGET = 8.4;
				MTL_ENABLE_DEBUG_INFO = NO;
				SDKROOT = iphoneos;
				VALIDATE_PRODUCT = YES;
			};
			name = Release;
		};
		C31E49961BA937100016195E /* Debug */ = {
			isa = XCBuildConfiguration;
			buildSettings = {
				ASSETCATALOG_COMPILER_APPICON_NAME = AppIcon;
				CLANG_ENABLE_MODULES = YES;
				CODE_SIGN_IDENTITY = "iPhone Developer";
				"CODE_SIGN_IDENTITY[sdk=iphoneos*]" = "iPhone Developer";
				EMBEDDED_CONTENT_CONTAINS_SWIFT = YES;
				GCC_GENERATE_TEST_COVERAGE_FILES = YES;
				GCC_INSTRUMENT_PROGRAM_FLOW_ARCS = YES;
				INFOPLIST_FILE = "iwf-test/Info.plist";
				IPHONEOS_DEPLOYMENT_TARGET = 8.4;
				LD_RUNPATH_SEARCH_PATHS = "$(inherited) @executable_path/Frameworks";
				PRODUCT_NAME = "$(TARGET_NAME)";
				PROVISIONING_PROFILE = "";
				SWIFT_OBJC_BRIDGING_HEADER = "";
				SWIFT_OPTIMIZATION_LEVEL = "-Onone";
			};
			name = Debug;
		};
		C31E49971BA937100016195E /* Release */ = {
			isa = XCBuildConfiguration;
			buildSettings = {
				ASSETCATALOG_COMPILER_APPICON_NAME = AppIcon;
				CLANG_ENABLE_MODULES = YES;
				CODE_SIGN_IDENTITY = "iPhone Developer";
				"CODE_SIGN_IDENTITY[sdk=iphoneos*]" = "iPhone Developer";
				EMBEDDED_CONTENT_CONTAINS_SWIFT = YES;
				GCC_GENERATE_TEST_COVERAGE_FILES = YES;
				GCC_INSTRUMENT_PROGRAM_FLOW_ARCS = YES;
				INFOPLIST_FILE = "iwf-test/Info.plist";
				IPHONEOS_DEPLOYMENT_TARGET = 8.4;
				LD_RUNPATH_SEARCH_PATHS = "$(inherited) @executable_path/Frameworks";
				PRODUCT_NAME = "$(TARGET_NAME)";
				PROVISIONING_PROFILE = "";
				SWIFT_OBJC_BRIDGING_HEADER = "";
			};
			name = Release;
		};
		C31E49991BA937100016195E /* Debug */ = {
			isa = XCBuildConfiguration;
			buildSettings = {
				BUNDLE_LOADER = "$(TEST_HOST)";
				CLANG_ENABLE_MODULES = YES;
				EMBEDDED_CONTENT_CONTAINS_SWIFT = YES;
				FRAMEWORK_SEARCH_PATHS = (
					"$(SDKROOT)/Developer/Library/Frameworks",
					"$(inherited)",
				);
				GCC_PREPROCESSOR_DEFINITIONS = (
					"DEBUG=1",
					"$(inherited)",
				);
				INFOPLIST_FILE = "iwf-testTests/Info.plist";
				LD_RUNPATH_SEARCH_PATHS = "$(inherited) @executable_path/Frameworks @loader_path/Frameworks";
				PRODUCT_NAME = "$(TARGET_NAME)";
				SWIFT_OBJC_BRIDGING_HEADER = "";
				SWIFT_OPTIMIZATION_LEVEL = "-Onone";
				TEST_HOST = "$(BUILT_PRODUCTS_DIR)/iwf-test.app/iwf-test";
			};
			name = Debug;
		};
		C31E499A1BA937100016195E /* Release */ = {
			isa = XCBuildConfiguration;
			buildSettings = {
				BUNDLE_LOADER = "$(TEST_HOST)";
				CLANG_ENABLE_MODULES = YES;
				EMBEDDED_CONTENT_CONTAINS_SWIFT = YES;
				FRAMEWORK_SEARCH_PATHS = (
					"$(SDKROOT)/Developer/Library/Frameworks",
					"$(inherited)",
				);
				INFOPLIST_FILE = "iwf-testTests/Info.plist";
				LD_RUNPATH_SEARCH_PATHS = "$(inherited) @executable_path/Frameworks @loader_path/Frameworks";
				PRODUCT_NAME = "$(TARGET_NAME)";
				SWIFT_OBJC_BRIDGING_HEADER = "";
				TEST_HOST = "$(BUILT_PRODUCTS_DIR)/iwf-test.app/iwf-test";
			};
			name = Release;
		};
/* End XCBuildConfiguration section */

/* Begin XCConfigurationList section */
		C31E496D1BA937100016195E /* Build configuration list for PBXProject "iwf-test" */ = {
			isa = XCConfigurationList;
			buildConfigurations = (
				C31E49931BA937100016195E /* Debug */,
				C31E49941BA937100016195E /* Release */,
			);
			defaultConfigurationIsVisible = 0;
			defaultConfigurationName = Release;
		};
		C31E49951BA937100016195E /* Build configuration list for PBXNativeTarget "iwf-test" */ = {
			isa = XCConfigurationList;
			buildConfigurations = (
				C31E49961BA937100016195E /* Debug */,
				C31E49971BA937100016195E /* Release */,
			);
			defaultConfigurationIsVisible = 0;
			defaultConfigurationName = Release;
		};
		C31E49981BA937100016195E /* Build configuration list for PBXNativeTarget "iwf-testTests" */ = {
			isa = XCConfigurationList;
			buildConfigurations = (
				C31E49991BA937100016195E /* Debug */,
				C31E499A1BA937100016195E /* Release */,
			);
			defaultConfigurationIsVisible = 0;
			defaultConfigurationName = Release;
		};
/* End XCConfigurationList section */
	};
	rootObject = C31E496A1BA937100016195E /* Project object */;
}
