// !$*UTF8*$!
{
	archiveVersion = 1;
	classes = {
	};
	objectVersion = 46;
	objects = {

/* Begin PBXBuildFile section */
		C3373D061B8F33E60006A4A0 /* iwf.framework in Frameworks */ = {isa = PBXBuildFile; fileRef = C3373CFF1B8F334E0006A4A0 /* iwf.framework */; };
		C3DBA9B91B93FB61008E51C5 /* BoundsImageVCtl.m in Sources */ = {isa = PBXBuildFile; fileRef = C3DBA99B1B93FB61008E51C5 /* BoundsImageVCtl.m */; };
		C3DBA9BA1B93FB61008E51C5 /* CellAnimationVCtl.m in Sources */ = {isa = PBXBuildFile; fileRef = C3DBA99D1B93FB61008E51C5 /* CellAnimationVCtl.m */; };
		C3DBA9BB1B93FB61008E51C5 /* ClassExtVCtl.m in Sources */ = {isa = PBXBuildFile; fileRef = C3DBA99F1B93FB61008E51C5 /* ClassExtVCtl.m */; };
		C3DBA9BC1B93FB61008E51C5 /* ColorImageVCtl.m in Sources */ = {isa = PBXBuildFile; fileRef = C3DBA9A11B93FB61008E51C5 /* ColorImageVCtl.m */; };
		C3DBA9BD1B93FB61008E51C5 /* LeftPushEffectVCtl.m in Sources */ = {isa = PBXBuildFile; fileRef = C3DBA9A31B93FB61008E51C5 /* LeftPushEffectVCtl.m */; };
		C3DBA9BE1B93FB61008E51C5 /* LineViewVCtl.m in Sources */ = {isa = PBXBuildFile; fileRef = C3DBA9A51B93FB61008E51C5 /* LineViewVCtl.m */; };
		C3DBA9BF1B93FB61008E51C5 /* NavRootVCtl.m in Sources */ = {isa = PBXBuildFile; fileRef = C3DBA9A71B93FB61008E51C5 /* NavRootVCtl.m */; };
		C3DBA9C01B93FB61008E51C5 /* StarViewVCtl.m in Sources */ = {isa = PBXBuildFile; fileRef = C3DBA9A91B93FB61008E51C5 /* StarViewVCtl.m */; };
		C3DBA9C11B93FB61008E51C5 /* TableExtVCtl.m in Sources */ = {isa = PBXBuildFile; fileRef = C3DBA9AB1B93FB61008E51C5 /* TableExtVCtl.m */; };
		C3DBA9C21B93FB61008E51C5 /* TreeVCtl.m in Sources */ = {isa = PBXBuildFile; fileRef = C3DBA9AD1B93FB61008E51C5 /* TreeVCtl.m */; };
		C3DBA9C31B93FB61008E51C5 /* WebViewVCtl.m in Sources */ = {isa = PBXBuildFile; fileRef = C3DBA9AF1B93FB61008E51C5 /* WebViewVCtl.m */; };
		C3DBA9E41B93FB9A008E51C5 /* Categories.json in Resources */ = {isa = PBXBuildFile; fileRef = C3DBA9DA1B93FB9A008E51C5 /* Categories.json */; };
		C3DBA9E51B93FB9A008E51C5 /* Child-1.json in Resources */ = {isa = PBXBuildFile; fileRef = C3DBA9DB1B93FB9A008E51C5 /* Child-1.json */; };
		C3DBA9E61B93FB9A008E51C5 /* Child-3.json in Resources */ = {isa = PBXBuildFile; fileRef = C3DBA9DC1B93FB9A008E51C5 /* Child-3.json */; };
		C3DBA9E71B93FB9A008E51C5 /* Child-4.json in Resources */ = {isa = PBXBuildFile; fileRef = C3DBA9DD1B93FB9A008E51C5 /* Child-4.json */; };
		C3DBA9E81B93FB9A008E51C5 /* Child-6.json in Resources */ = {isa = PBXBuildFile; fileRef = C3DBA9DE1B93FB9A008E51C5 /* Child-6.json */; };
		C3DBA9E91B93FB9A008E51C5 /* Child-20.json in Resources */ = {isa = PBXBuildFile; fileRef = C3DBA9DF1B93FB9A008E51C5 /* Child-20.json */; };
		C3DBA9EA1B93FB9A008E51C5 /* Child-21.json in Resources */ = {isa = PBXBuildFile; fileRef = C3DBA9E01B93FB9A008E51C5 /* Child-21.json */; };
		C3DBA9EB1B93FB9A008E51C5 /* Commodities.json in Resources */ = {isa = PBXBuildFile; fileRef = C3DBA9E11B93FB9A008E51C5 /* Commodities.json */; };
		C3DBA9EC1B93FB9A008E51C5 /* Parent.json in Resources */ = {isa = PBXBuildFile; fileRef = C3DBA9E21B93FB9A008E51C5 /* Parent.json */; };
		C3DBA9ED1B93FB9A008E51C5 /* SubChild.json in Resources */ = {isa = PBXBuildFile; fileRef = C3DBA9E31B93FB9A008E51C5 /* SubChild.json */; };
		C3DBA9F11B93FE60008E51C5 /* JSONKit.m in Sources */ = {isa = PBXBuildFile; fileRef = C3DBA9F01B93FE60008E51C5 /* JSONKit.m */; settings = {COMPILER_FLAGS = "-fno-objc-arc"; }; };
		C3DBA9F21B93FF4A008E51C5 /* JSONKit.m in Sources */ = {isa = PBXBuildFile; fileRef = C3DBA9F01B93FE60008E51C5 /* JSONKit.m */; settings = {COMPILER_FLAGS = "-fno-objc-arc"; }; };
		C3DBA9F31B94053C008E51C5 /* BoundsImageVCtl.m in Sources */ = {isa = PBXBuildFile; fileRef = C3DBA99B1B93FB61008E51C5 /* BoundsImageVCtl.m */; };
		C3DBA9F41B94053C008E51C5 /* CellAnimationVCtl.m in Sources */ = {isa = PBXBuildFile; fileRef = C3DBA99D1B93FB61008E51C5 /* CellAnimationVCtl.m */; };
		C3DBA9F51B94053C008E51C5 /* ClassExtVCtl.m in Sources */ = {isa = PBXBuildFile; fileRef = C3DBA99F1B93FB61008E51C5 /* ClassExtVCtl.m */; };
		C3DBA9F61B94053C008E51C5 /* ColorImageVCtl.m in Sources */ = {isa = PBXBuildFile; fileRef = C3DBA9A11B93FB61008E51C5 /* ColorImageVCtl.m */; };
		C3DBA9F71B94053C008E51C5 /* LeftPushEffectVCtl.m in Sources */ = {isa = PBXBuildFile; fileRef = C3DBA9A31B93FB61008E51C5 /* LeftPushEffectVCtl.m */; };
		C3DBA9F81B94053C008E51C5 /* LineViewVCtl.m in Sources */ = {isa = PBXBuildFile; fileRef = C3DBA9A51B93FB61008E51C5 /* LineViewVCtl.m */; };
		C3DBA9F91B94053C008E51C5 /* NavRootVCtl.m in Sources */ = {isa = PBXBuildFile; fileRef = C3DBA9A71B93FB61008E51C5 /* NavRootVCtl.m */; };
		C3DBA9FA1B94053C008E51C5 /* StarViewVCtl.m in Sources */ = {isa = PBXBuildFile; fileRef = C3DBA9A91B93FB61008E51C5 /* StarViewVCtl.m */; };
		C3DBA9FB1B94053C008E51C5 /* TableExtVCtl.m in Sources */ = {isa = PBXBuildFile; fileRef = C3DBA9AB1B93FB61008E51C5 /* TableExtVCtl.m */; };
		C3DBA9FC1B94053C008E51C5 /* TreeVCtl.m in Sources */ = {isa = PBXBuildFile; fileRef = C3DBA9AD1B93FB61008E51C5 /* TreeVCtl.m */; };
		C3DBA9FD1B94053C008E51C5 /* WebViewVCtl.m in Sources */ = {isa = PBXBuildFile; fileRef = C3DBA9AF1B93FB61008E51C5 /* WebViewVCtl.m */; };
		C3DBAA011B940BEB008E51C5 /* Main.storyboard in Resources */ = {isa = PBXBuildFile; fileRef = C3DBAA001B940BEB008E51C5 /* Main.storyboard */; };
		C3DBAA051B9420CF008E51C5 /* taobaolevel.txt in Resources */ = {isa = PBXBuildFile; fileRef = C3DBAA041B9420CF008E51C5 /* taobaolevel.txt */; };
		C3E4EEEC1B8C5F5100B275D8 /* AppDelegate.swift in Sources */ = {isa = PBXBuildFile; fileRef = C3E4EEEB1B8C5F5100B275D8 /* AppDelegate.swift */; };
		C3E4EEEE1B8C5F5100B275D8 /* ViewController.swift in Sources */ = {isa = PBXBuildFile; fileRef = C3E4EEED1B8C5F5100B275D8 /* ViewController.swift */; };
		C3E4EEF31B8C5F5100B275D8 /* Images.xcassets in Resources */ = {isa = PBXBuildFile; fileRef = C3E4EEF21B8C5F5100B275D8 /* Images.xcassets */; };
		C3E4EEF61B8C5F5100B275D8 /* LaunchScreen.xib in Resources */ = {isa = PBXBuildFile; fileRef = C3E4EEF41B8C5F5100B275D8 /* LaunchScreen.xib */; };
		C3E4EF021B8C5F5100B275D8 /* iwf_testTests.swift in Sources */ = {isa = PBXBuildFile; fileRef = C3E4EF011B8C5F5100B275D8 /* iwf_testTests.swift */; };
		C3FB09F91B9423D00084C3A1 /* Categories.json in Resources */ = {isa = PBXBuildFile; fileRef = C3DBA9DA1B93FB9A008E51C5 /* Categories.json */; };
		C3FB09FA1B9423D00084C3A1 /* Child-1.json in Resources */ = {isa = PBXBuildFile; fileRef = C3DBA9DB1B93FB9A008E51C5 /* Child-1.json */; };
		C3FB09FB1B9423D00084C3A1 /* Child-3.json in Resources */ = {isa = PBXBuildFile; fileRef = C3DBA9DC1B93FB9A008E51C5 /* Child-3.json */; };
		C3FB09FC1B9423D00084C3A1 /* Child-4.json in Resources */ = {isa = PBXBuildFile; fileRef = C3DBA9DD1B93FB9A008E51C5 /* Child-4.json */; };
		C3FB09FD1B9423D00084C3A1 /* Child-6.json in Resources */ = {isa = PBXBuildFile; fileRef = C3DBA9DE1B93FB9A008E51C5 /* Child-6.json */; };
		C3FB09FE1B9423D00084C3A1 /* Child-20.json in Resources */ = {isa = PBXBuildFile; fileRef = C3DBA9DF1B93FB9A008E51C5 /* Child-20.json */; };
		C3FB09FF1B9423D00084C3A1 /* Child-21.json in Resources */ = {isa = PBXBuildFile; fileRef = C3DBA9E01B93FB9A008E51C5 /* Child-21.json */; };
		C3FB0A001B9423D00084C3A1 /* Commodities.json in Resources */ = {isa = PBXBuildFile; fileRef = C3DBA9E11B93FB9A008E51C5 /* Commodities.json */; };
		C3FB0A011B9423D00084C3A1 /* Parent.json in Resources */ = {isa = PBXBuildFile; fileRef = C3DBA9E21B93FB9A008E51C5 /* Parent.json */; };
		C3FB0A021B9423D00084C3A1 /* SubChild.json in Resources */ = {isa = PBXBuildFile; fileRef = C3DBA9E31B93FB9A008E51C5 /* SubChild.json */; };
		C3FB0A0E1B945B1D0084C3A1 /* TableExtItemView.m in Sources */ = {isa = PBXBuildFile; fileRef = C3FB0A0D1B945B1D0084C3A1 /* TableExtItemView.m */; };
		C3FB0A101B945B470084C3A1 /* TableExtItemView.xib in Resources */ = {isa = PBXBuildFile; fileRef = C3FB0A0F1B945B470084C3A1 /* TableExtItemView.xib */; };
		C3FB0A171B9545B50084C3A1 /* FocusViewVCtl.m in Sources */ = {isa = PBXBuildFile; fileRef = C3FB0A151B9545B50084C3A1 /* FocusViewVCtl.m */; };
		C3FB0A181B9545B50084C3A1 /* FocusViewVCtl.xib in Resources */ = {isa = PBXBuildFile; fileRef = C3FB0A161B9545B50084C3A1 /* FocusViewVCtl.xib */; };
/* End PBXBuildFile section */

/* Begin PBXContainerItemProxy section */
		C3373CFE1B8F334E0006A4A0 /* PBXContainerItemProxy */ = {
			isa = PBXContainerItemProxy;
			containerPortal = C3373CF91B8F334E0006A4A0 /* iwf.xcodeproj */;
			proxyType = 2;
			remoteGlobalIDString = C3E4EE741B8C3F3D00B275D8;
			remoteInfo = iwf;
		};
		C3373D001B8F334E0006A4A0 /* PBXContainerItemProxy */ = {
			isa = PBXContainerItemProxy;
			containerPortal = C3373CF91B8F334E0006A4A0 /* iwf.xcodeproj */;
			proxyType = 2;
			remoteGlobalIDString = C3E4EE7F1B8C3F3D00B275D8;
			remoteInfo = iwfTests;
		};
		C3E4EEFC1B8C5F5100B275D8 /* PBXContainerItemProxy */ = {
			isa = PBXContainerItemProxy;
			containerPortal = C3E4EEDE1B8C5F5100B275D8 /* Project object */;
			proxyType = 1;
			remoteGlobalIDString = C3E4EEE51B8C5F5100B275D8;
			remoteInfo = "iwf-test";
		};
/* End PBXContainerItemProxy section */

/* Begin PBXFileReference section */
		C3373CF91B8F334E0006A4A0 /* iwf.xcodeproj */ = {isa = PBXFileReference; lastKnownFileType = "wrapper.pb-project"; name = iwf.xcodeproj; path = ../iwf.xcodeproj; sourceTree = "<group>"; };
		C3373D021B8F339C0006A4A0 /* iwf-test-Bridging-Header.h */ = {isa = PBXFileReference; lastKnownFileType = sourcecode.c.h; path = "iwf-test-Bridging-Header.h"; sourceTree = "<group>"; };
		C3DBA99A1B93FB61008E51C5 /* BoundsImageVCtl.h */ = {isa = PBXFileReference; fileEncoding = 4; lastKnownFileType = sourcecode.c.h; path = BoundsImageVCtl.h; sourceTree = "<group>"; };
		C3DBA99B1B93FB61008E51C5 /* BoundsImageVCtl.m */ = {isa = PBXFileReference; fileEncoding = 4; lastKnownFileType = sourcecode.c.objc; path = BoundsImageVCtl.m; sourceTree = "<group>"; };
		C3DBA99C1B93FB61008E51C5 /* CellAnimationVCtl.h */ = {isa = PBXFileReference; fileEncoding = 4; lastKnownFileType = sourcecode.c.h; path = CellAnimationVCtl.h; sourceTree = "<group>"; };
		C3DBA99D1B93FB61008E51C5 /* CellAnimationVCtl.m */ = {isa = PBXFileReference; fileEncoding = 4; lastKnownFileType = sourcecode.c.objc; path = CellAnimationVCtl.m; sourceTree = "<group>"; };
		C3DBA99E1B93FB61008E51C5 /* ClassExtVCtl.h */ = {isa = PBXFileReference; fileEncoding = 4; lastKnownFileType = sourcecode.c.h; path = ClassExtVCtl.h; sourceTree = "<group>"; };
		C3DBA99F1B93FB61008E51C5 /* ClassExtVCtl.m */ = {isa = PBXFileReference; fileEncoding = 4; lastKnownFileType = sourcecode.c.objc; path = ClassExtVCtl.m; sourceTree = "<group>"; };
		C3DBA9A01B93FB61008E51C5 /* ColorImageVCtl.h */ = {isa = PBXFileReference; fileEncoding = 4; lastKnownFileType = sourcecode.c.h; path = ColorImageVCtl.h; sourceTree = "<group>"; };
		C3DBA9A11B93FB61008E51C5 /* ColorImageVCtl.m */ = {isa = PBXFileReference; fileEncoding = 4; lastKnownFileType = sourcecode.c.objc; path = ColorImageVCtl.m; sourceTree = "<group>"; };
		C3DBA9A21B93FB61008E51C5 /* LeftPushEffectVCtl.h */ = {isa = PBXFileReference; fileEncoding = 4; lastKnownFileType = sourcecode.c.h; path = LeftPushEffectVCtl.h; sourceTree = "<group>"; };
		C3DBA9A31B93FB61008E51C5 /* LeftPushEffectVCtl.m */ = {isa = PBXFileReference; fileEncoding = 4; lastKnownFileType = sourcecode.c.objc; path = LeftPushEffectVCtl.m; sourceTree = "<group>"; };
		C3DBA9A41B93FB61008E51C5 /* LineViewVCtl.h */ = {isa = PBXFileReference; fileEncoding = 4; lastKnownFileType = sourcecode.c.h; path = LineViewVCtl.h; sourceTree = "<group>"; };
		C3DBA9A51B93FB61008E51C5 /* LineViewVCtl.m */ = {isa = PBXFileReference; fileEncoding = 4; lastKnownFileType = sourcecode.c.objc; path = LineViewVCtl.m; sourceTree = "<group>"; };
		C3DBA9A61B93FB61008E51C5 /* NavRootVCtl.h */ = {isa = PBXFileReference; fileEncoding = 4; lastKnownFileType = sourcecode.c.h; path = NavRootVCtl.h; sourceTree = "<group>"; };
		C3DBA9A71B93FB61008E51C5 /* NavRootVCtl.m */ = {isa = PBXFileReference; fileEncoding = 4; lastKnownFileType = sourcecode.c.objc; path = NavRootVCtl.m; sourceTree = "<group>"; };
		C3DBA9A81B93FB61008E51C5 /* StarViewVCtl.h */ = {isa = PBXFileReference; fileEncoding = 4; lastKnownFileType = sourcecode.c.h; path = StarViewVCtl.h; sourceTree = "<group>"; };
		C3DBA9A91B93FB61008E51C5 /* StarViewVCtl.m */ = {isa = PBXFileReference; fileEncoding = 4; lastKnownFileType = sourcecode.c.objc; path = StarViewVCtl.m; sourceTree = "<group>"; };
		C3DBA9AA1B93FB61008E51C5 /* TableExtVCtl.h */ = {isa = PBXFileReference; fileEncoding = 4; lastKnownFileType = sourcecode.c.h; path = TableExtVCtl.h; sourceTree = "<group>"; };
		C3DBA9AB1B93FB61008E51C5 /* TableExtVCtl.m */ = {isa = PBXFileReference; fileEncoding = 4; lastKnownFileType = sourcecode.c.objc; path = TableExtVCtl.m; sourceTree = "<group>"; };
		C3DBA9AC1B93FB61008E51C5 /* TreeVCtl.h */ = {isa = PBXFileReference; fileEncoding = 4; lastKnownFileType = sourcecode.c.h; path = TreeVCtl.h; sourceTree = "<group>"; };
		C3DBA9AD1B93FB61008E51C5 /* TreeVCtl.m */ = {isa = PBXFileReference; fileEncoding = 4; lastKnownFileType = sourcecode.c.objc; path = TreeVCtl.m; sourceTree = "<group>"; };
		C3DBA9AE1B93FB61008E51C5 /* WebViewVCtl.h */ = {isa = PBXFileReference; fileEncoding = 4; lastKnownFileType = sourcecode.c.h; path = WebViewVCtl.h; sourceTree = "<group>"; };
		C3DBA9AF1B93FB61008E51C5 /* WebViewVCtl.m */ = {isa = PBXFileReference; fileEncoding = 4; lastKnownFileType = sourcecode.c.objc; path = WebViewVCtl.m; sourceTree = "<group>"; };
		C3DBA9DA1B93FB9A008E51C5 /* Categories.json */ = {isa = PBXFileReference; fileEncoding = 4; lastKnownFileType = text.json; path = Categories.json; sourceTree = "<group>"; };
		C3DBA9DB1B93FB9A008E51C5 /* Child-1.json */ = {isa = PBXFileReference; fileEncoding = 4; lastKnownFileType = text.json; path = "Child-1.json"; sourceTree = "<group>"; };
		C3DBA9DC1B93FB9A008E51C5 /* Child-3.json */ = {isa = PBXFileReference; fileEncoding = 4; lastKnownFileType = text.json; path = "Child-3.json"; sourceTree = "<group>"; };
		C3DBA9DD1B93FB9A008E51C5 /* Child-4.json */ = {isa = PBXFileReference; fileEncoding = 4; lastKnownFileType = text.json; path = "Child-4.json"; sourceTree = "<group>"; };
		C3DBA9DE1B93FB9A008E51C5 /* Child-6.json */ = {isa = PBXFileReference; fileEncoding = 4; lastKnownFileType = text.json; path = "Child-6.json"; sourceTree = "<group>"; };
		C3DBA9DF1B93FB9A008E51C5 /* Child-20.json */ = {isa = PBXFileReference; fileEncoding = 4; lastKnownFileType = text.json; path = "Child-20.json"; sourceTree = "<group>"; };
		C3DBA9E01B93FB9A008E51C5 /* Child-21.json */ = {isa = PBXFileReference; fileEncoding = 4; lastKnownFileType = text.json; path = "Child-21.json"; sourceTree = "<group>"; };
		C3DBA9E11B93FB9A008E51C5 /* Commodities.json */ = {isa = PBXFileReference; fileEncoding = 4; lastKnownFileType = text.json; path = Commodities.json; sourceTree = "<group>"; };
		C3DBA9E21B93FB9A008E51C5 /* Parent.json */ = {isa = PBXFileReference; fileEncoding = 4; lastKnownFileType = text.json; path = Parent.json; sourceTree = "<group>"; };
		C3DBA9E31B93FB9A008E51C5 /* SubChild.json */ = {isa = PBXFileReference; fileEncoding = 4; lastKnownFileType = text.json; path = SubChild.json; sourceTree = "<group>"; };
		C3DBA9EF1B93FE60008E51C5 /* JSONKit.h */ = {isa = PBXFileReference; fileEncoding = 4; lastKnownFileType = sourcecode.c.h; name = JSONKit.h; path = kit/JSONKit.h; sourceTree = "<group>"; };
		C3DBA9F01B93FE60008E51C5 /* JSONKit.m */ = {isa = PBXFileReference; fileEncoding = 4; lastKnownFileType = sourcecode.c.objc; name = JSONKit.m; path = kit/JSONKit.m; sourceTree = "<group>"; };
		C3DBAA001B940BEB008E51C5 /* Main.storyboard */ = {isa = PBXFileReference; fileEncoding = 4; lastKnownFileType = file.storyboard; path = Main.storyboard; sourceTree = "<group>"; };
		C3DBAA041B9420CF008E51C5 /* taobaolevel.txt */ = {isa = PBXFileReference; fileEncoding = 4; lastKnownFileType = text; path = taobaolevel.txt; sourceTree = "<group>"; };
		C3E4EEE61B8C5F5100B275D8 /* iwf-test.app */ = {isa = PBXFileReference; explicitFileType = wrapper.application; includeInIndex = 0; path = "iwf-test.app"; sourceTree = BUILT_PRODUCTS_DIR; };
		C3E4EEEA1B8C5F5100B275D8 /* Info.plist */ = {isa = PBXFileReference; lastKnownFileType = text.plist.xml; path = Info.plist; sourceTree = "<group>"; };
		C3E4EEEB1B8C5F5100B275D8 /* AppDelegate.swift */ = {isa = PBXFileReference; lastKnownFileType = sourcecode.swift; path = AppDelegate.swift; sourceTree = "<group>"; };
		C3E4EEED1B8C5F5100B275D8 /* ViewController.swift */ = {isa = PBXFileReference; lastKnownFileType = sourcecode.swift; path = ViewController.swift; sourceTree = "<group>"; };
		C3E4EEF21B8C5F5100B275D8 /* Images.xcassets */ = {isa = PBXFileReference; lastKnownFileType = folder.assetcatalog; path = Images.xcassets; sourceTree = "<group>"; };
		C3E4EEF51B8C5F5100B275D8 /* Base */ = {isa = PBXFileReference; lastKnownFileType = file.xib; name = Base; path = Base.lproj/LaunchScreen.xib; sourceTree = "<group>"; };
		C3E4EEFB1B8C5F5100B275D8 /* iwf-testTests.xctest */ = {isa = PBXFileReference; explicitFileType = wrapper.cfbundle; includeInIndex = 0; path = "iwf-testTests.xctest"; sourceTree = BUILT_PRODUCTS_DIR; };
		C3E4EF001B8C5F5100B275D8 /* Info.plist */ = {isa = PBXFileReference; lastKnownFileType = text.plist.xml; path = Info.plist; sourceTree = "<group>"; };
		C3E4EF011B8C5F5100B275D8 /* iwf_testTests.swift */ = {isa = PBXFileReference; lastKnownFileType = sourcecode.swift; path = iwf_testTests.swift; sourceTree = "<group>"; };
		C3FB0A0C1B945B1D0084C3A1 /* TableExtItemView.h */ = {isa = PBXFileReference; fileEncoding = 4; lastKnownFileType = sourcecode.c.h; name = TableExtItemView.h; path = views/TableExtItemView.h; sourceTree = "<group>"; };
		C3FB0A0D1B945B1D0084C3A1 /* TableExtItemView.m */ = {isa = PBXFileReference; fileEncoding = 4; lastKnownFileType = sourcecode.c.objc; name = TableExtItemView.m; path = views/TableExtItemView.m; sourceTree = "<group>"; };
		C3FB0A0F1B945B470084C3A1 /* TableExtItemView.xib */ = {isa = PBXFileReference; fileEncoding = 4; lastKnownFileType = file.xib; name = TableExtItemView.xib; path = views/TableExtItemView.xib; sourceTree = "<group>"; };
		C3FB0A141B9545B50084C3A1 /* FocusViewVCtl.h */ = {isa = PBXFileReference; fileEncoding = 4; lastKnownFileType = sourcecode.c.h; path = FocusViewVCtl.h; sourceTree = "<group>"; };
		C3FB0A151B9545B50084C3A1 /* FocusViewVCtl.m */ = {isa = PBXFileReference; fileEncoding = 4; lastKnownFileType = sourcecode.c.objc; path = FocusViewVCtl.m; sourceTree = "<group>"; };
		C3FB0A161B9545B50084C3A1 /* FocusViewVCtl.xib */ = {isa = PBXFileReference; fileEncoding = 4; lastKnownFileType = file.xib; path = FocusViewVCtl.xib; sourceTree = "<group>"; };
/* End PBXFileReference section */

/* Begin PBXFrameworksBuildPhase section */
		C3E4EEE31B8C5F5100B275D8 /* Frameworks */ = {
			isa = PBXFrameworksBuildPhase;
			buildActionMask = 2147483647;
			files = (
				C3373D061B8F33E60006A4A0 /* iwf.framework in Frameworks */,
			);
			runOnlyForDeploymentPostprocessing = 0;
		};
		C3E4EEF81B8C5F5100B275D8 /* Frameworks */ = {
			isa = PBXFrameworksBuildPhase;
			buildActionMask = 2147483647;
			files = (
			);
			runOnlyForDeploymentPostprocessing = 0;
		};
/* End PBXFrameworksBuildPhase section */

/* Begin PBXGroup section */
		C3373CFA1B8F334E0006A4A0 /* Products */ = {
			isa = PBXGroup;
			children = (
				C3373CFF1B8F334E0006A4A0 /* iwf.framework */,
				C3373D011B8F334E0006A4A0 /* iwfTests.xctest */,
			);
			name = Products;
			sourceTree = "<group>";
		};
		C3DBA98E1B93FB61008E51C5 /* data */ = {
			isa = PBXGroup;
			children = (
				C3DBAA041B9420CF008E51C5 /* taobaolevel.txt */,
				C3DBA9DA1B93FB9A008E51C5 /* Categories.json */,
				C3DBA9DB1B93FB9A008E51C5 /* Child-1.json */,
				C3DBA9DC1B93FB9A008E51C5 /* Child-3.json */,
				C3DBA9DD1B93FB9A008E51C5 /* Child-4.json */,
				C3DBA9DE1B93FB9A008E51C5 /* Child-6.json */,
				C3DBA9DF1B93FB9A008E51C5 /* Child-20.json */,
				C3DBA9E01B93FB9A008E51C5 /* Child-21.json */,
				C3DBA9E11B93FB9A008E51C5 /* Commodities.json */,
				C3DBA9E21B93FB9A008E51C5 /* Parent.json */,
				C3DBA9E31B93FB9A008E51C5 /* SubChild.json */,
			);
			path = data;
			sourceTree = "<group>";
		};
		C3DBA9991B93FB61008E51C5 /* vctl */ = {
			isa = PBXGroup;
			children = (
				C3DBA99A1B93FB61008E51C5 /* BoundsImageVCtl.h */,
				C3DBA99B1B93FB61008E51C5 /* BoundsImageVCtl.m */,
				C3DBA99C1B93FB61008E51C5 /* CellAnimationVCtl.h */,
				C3DBA99D1B93FB61008E51C5 /* CellAnimationVCtl.m */,
				C3DBA99E1B93FB61008E51C5 /* ClassExtVCtl.h */,
				C3DBA99F1B93FB61008E51C5 /* ClassExtVCtl.m */,
				C3DBA9A01B93FB61008E51C5 /* ColorImageVCtl.h */,
				C3DBA9A11B93FB61008E51C5 /* ColorImageVCtl.m */,
				C3DBA9A21B93FB61008E51C5 /* LeftPushEffectVCtl.h */,
				C3DBA9A31B93FB61008E51C5 /* LeftPushEffectVCtl.m */,
				C3DBA9A41B93FB61008E51C5 /* LineViewVCtl.h */,
				C3DBA9A51B93FB61008E51C5 /* LineViewVCtl.m */,
				C3DBA9A61B93FB61008E51C5 /* NavRootVCtl.h */,
				C3DBA9A71B93FB61008E51C5 /* NavRootVCtl.m */,
				C3DBA9A81B93FB61008E51C5 /* StarViewVCtl.h */,
				C3DBA9A91B93FB61008E51C5 /* StarViewVCtl.m */,
				C3DBA9AA1B93FB61008E51C5 /* TableExtVCtl.h */,
				C3DBA9AB1B93FB61008E51C5 /* TableExtVCtl.m */,
				C3DBA9AC1B93FB61008E51C5 /* TreeVCtl.h */,
				C3DBA9AD1B93FB61008E51C5 /* TreeVCtl.m */,
				C3DBA9AE1B93FB61008E51C5 /* WebViewVCtl.h */,
				C3DBA9AF1B93FB61008E51C5 /* WebViewVCtl.m */,
				C3FB0A141B9545B50084C3A1 /* FocusViewVCtl.h */,
				C3FB0A151B9545B50084C3A1 /* FocusViewVCtl.m */,
				C3FB0A161B9545B50084C3A1 /* FocusViewVCtl.xib */,
			);
			path = vctl;
			sourceTree = "<group>";
		};
		C3DBA9EE1B93FE46008E51C5 /* kit */ = {
			isa = PBXGroup;
			children = (
				C3DBA9EF1B93FE60008E51C5 /* JSONKit.h */,
				C3DBA9F01B93FE60008E51C5 /* JSONKit.m */,
			);
			name = kit;
			sourceTree = "<group>";
		};
		C3E4EEDD1B8C5F5100B275D8 = {
			isa = PBXGroup;
			children = (
				C3373CF91B8F334E0006A4A0 /* iwf.xcodeproj */,
				C3E4EEE81B8C5F5100B275D8 /* iwf-test */,
				C3E4EEFE1B8C5F5100B275D8 /* iwf-testTests */,
				C3E4EEE71B8C5F5100B275D8 /* Products */,
			);
			sourceTree = "<group>";
		};
		C3E4EEE71B8C5F5100B275D8 /* Products */ = {
			isa = PBXGroup;
			children = (
				C3E4EEE61B8C5F5100B275D8 /* iwf-test.app */,
				C3E4EEFB1B8C5F5100B275D8 /* iwf-testTests.xctest */,
			);
			name = Products;
			sourceTree = "<group>";
		};
		C3E4EEE81B8C5F5100B275D8 /* iwf-test */ = {
			isa = PBXGroup;
			children = (
				C3DBA9EE1B93FE46008E51C5 /* kit */,
				C3DBA98E1B93FB61008E51C5 /* data */,
				C3FB0A091B945AE90084C3A1 /* views */,
				C3DBA9991B93FB61008E51C5 /* vctl */,
				C3E4EEEB1B8C5F5100B275D8 /* AppDelegate.swift */,
				C3E4EEED1B8C5F5100B275D8 /* ViewController.swift */,
				C3E4EEF21B8C5F5100B275D8 /* Images.xcassets */,
				C3E4EEF41B8C5F5100B275D8 /* LaunchScreen.xib */,
				C3E4EEE91B8C5F5100B275D8 /* Supporting Files */,
				C3373D021B8F339C0006A4A0 /* iwf-test-Bridging-Header.h */,
				C3DBAA001B940BEB008E51C5 /* Main.storyboard */,
			);
			path = "iwf-test";
			sourceTree = "<group>";
		};
		C3E4EEE91B8C5F5100B275D8 /* Supporting Files */ = {
			isa = PBXGroup;
			children = (
				C3E4EEEA1B8C5F5100B275D8 /* Info.plist */,
			);
			name = "Supporting Files";
			sourceTree = "<group>";
		};
		C3E4EEFE1B8C5F5100B275D8 /* iwf-testTests */ = {
			isa = PBXGroup;
			children = (
				C3E4EF011B8C5F5100B275D8 /* iwf_testTests.swift */,
				C3E4EEFF1B8C5F5100B275D8 /* Supporting Files */,
			);
			path = "iwf-testTests";
			sourceTree = "<group>";
		};
		C3E4EEFF1B8C5F5100B275D8 /* Supporting Files */ = {
			isa = PBXGroup;
			children = (
				C3E4EF001B8C5F5100B275D8 /* Info.plist */,
			);
			name = "Supporting Files";
			sourceTree = "<group>";
		};
		C3FB0A091B945AE90084C3A1 /* views */ = {
			isa = PBXGroup;
			children = (
				C3FB0A0C1B945B1D0084C3A1 /* TableExtItemView.h */,
				C3FB0A0D1B945B1D0084C3A1 /* TableExtItemView.m */,
				C3FB0A0F1B945B470084C3A1 /* TableExtItemView.xib */,
			);
			name = views;
			sourceTree = "<group>";
		};
/* End PBXGroup section */

/* Begin PBXNativeTarget section */
		C3E4EEE51B8C5F5100B275D8 /* iwf-test */ = {
			isa = PBXNativeTarget;
			buildConfigurationList = C3E4EF051B8C5F5100B275D8 /* Build configuration list for PBXNativeTarget "iwf-test" */;
			buildPhases = (
				C3E4EEE21B8C5F5100B275D8 /* Sources */,
				C3E4EEE31B8C5F5100B275D8 /* Frameworks */,
				C3E4EEE41B8C5F5100B275D8 /* Resources */,
			);
			buildRules = (
			);
			dependencies = (
			);
			name = "iwf-test";
			productName = "iwf-test";
			productReference = C3E4EEE61B8C5F5100B275D8 /* iwf-test.app */;
			productType = "com.apple.product-type.application";
		};
		C3E4EEFA1B8C5F5100B275D8 /* iwf-testTests */ = {
			isa = PBXNativeTarget;
			buildConfigurationList = C3E4EF081B8C5F5100B275D8 /* Build configuration list for PBXNativeTarget "iwf-testTests" */;
			buildPhases = (
				C3E4EEF71B8C5F5100B275D8 /* Sources */,
				C3E4EEF81B8C5F5100B275D8 /* Frameworks */,
				C3E4EEF91B8C5F5100B275D8 /* Resources */,
			);
			buildRules = (
			);
			dependencies = (
				C3E4EEFD1B8C5F5100B275D8 /* PBXTargetDependency */,
			);
			name = "iwf-testTests";
			productName = "iwf-testTests";
			productReference = C3E4EEFB1B8C5F5100B275D8 /* iwf-testTests.xctest */;
			productType = "com.apple.product-type.bundle.unit-test";
		};
/* End PBXNativeTarget section */

/* Begin PBXProject section */
		C3E4EEDE1B8C5F5100B275D8 /* Project object */ = {
			isa = PBXProject;
			attributes = {
				LastUpgradeCheck = 0640;
				ORGANIZATIONNAME = Snows;
				TargetAttributes = {
					C3E4EEE51B8C5F5100B275D8 = {
						CreatedOnToolsVersion = 6.4;
					};
					C3E4EEFA1B8C5F5100B275D8 = {
						CreatedOnToolsVersion = 6.4;
						TestTargetID = C3E4EEE51B8C5F5100B275D8;
					};
				};
			};
			buildConfigurationList = C3E4EEE11B8C5F5100B275D8 /* Build configuration list for PBXProject "iwf-test" */;
			compatibilityVersion = "Xcode 3.2";
			developmentRegion = English;
			hasScannedForEncodings = 0;
			knownRegions = (
				en,
				Base,
			);
			mainGroup = C3E4EEDD1B8C5F5100B275D8;
			productRefGroup = C3E4EEE71B8C5F5100B275D8 /* Products */;
			projectDirPath = "";
			projectReferences = (
				{
					ProductGroup = C3373CFA1B8F334E0006A4A0 /* Products */;
					ProjectRef = C3373CF91B8F334E0006A4A0 /* iwf.xcodeproj */;
				},
			);
			projectRoot = "";
			targets = (
				C3E4EEE51B8C5F5100B275D8 /* iwf-test */,
				C3E4EEFA1B8C5F5100B275D8 /* iwf-testTests */,
			);
		};
/* End PBXProject section */

/* Begin PBXReferenceProxy section */
		C3373CFF1B8F334E0006A4A0 /* iwf.framework */ = {
			isa = PBXReferenceProxy;
			fileType = wrapper.framework;
			path = iwf.framework;
			remoteRef = C3373CFE1B8F334E0006A4A0 /* PBXContainerItemProxy */;
			sourceTree = BUILT_PRODUCTS_DIR;
		};
		C3373D011B8F334E0006A4A0 /* iwfTests.xctest */ = {
			isa = PBXReferenceProxy;
			fileType = wrapper.cfbundle;
			path = iwfTests.xctest;
			remoteRef = C3373D001B8F334E0006A4A0 /* PBXContainerItemProxy */;
			sourceTree = BUILT_PRODUCTS_DIR;
		};
/* End PBXReferenceProxy section */

/* Begin PBXResourcesBuildPhase section */
		C3E4EEE41B8C5F5100B275D8 /* Resources */ = {
			isa = PBXResourcesBuildPhase;
			buildActionMask = 2147483647;
			files = (
				C3FB09F91B9423D00084C3A1 /* Categories.json in Resources */,
				C3FB09FA1B9423D00084C3A1 /* Child-1.json in Resources */,
				C3FB09FB1B9423D00084C3A1 /* Child-3.json in Resources */,
				C3FB09FC1B9423D00084C3A1 /* Child-4.json in Resources */,
				C3FB09FD1B9423D00084C3A1 /* Child-6.json in Resources */,
				C3FB0A101B945B470084C3A1 /* TableExtItemView.xib in Resources */,
				C3FB0A181B9545B50084C3A1 /* FocusViewVCtl.xib in Resources */,
				C3FB09FE1B9423D00084C3A1 /* Child-20.json in Resources */,
				C3FB09FF1B9423D00084C3A1 /* Child-21.json in Resources */,
				C3FB0A001B9423D00084C3A1 /* Commodities.json in Resources */,
				C3FB0A011B9423D00084C3A1 /* Parent.json in Resources */,
				C3FB0A021B9423D00084C3A1 /* SubChild.json in Resources */,
				C3DBAA011B940BEB008E51C5 /* Main.storyboard in Resources */,
				C3E4EEF61B8C5F5100B275D8 /* LaunchScreen.xib in Resources */,
				C3E4EEF31B8C5F5100B275D8 /* Images.xcassets in Resources */,
				C3DBAA051B9420CF008E51C5 /* taobaolevel.txt in Resources */,
			);
			runOnlyForDeploymentPostprocessing = 0;
		};
		C3E4EEF91B8C5F5100B275D8 /* Resources */ = {
			isa = PBXResourcesBuildPhase;
			buildActionMask = 2147483647;
			files = (
				C3DBA9ED1B93FB9A008E51C5 /* SubChild.json in Resources */,
				C3DBA9EB1B93FB9A008E51C5 /* Commodities.json in Resources */,
				C3DBA9E91B93FB9A008E51C5 /* Child-20.json in Resources */,
				C3DBA9E71B93FB9A008E51C5 /* Child-4.json in Resources */,
				C3DBA9E81B93FB9A008E51C5 /* Child-6.json in Resources */,
				C3DBA9E61B93FB9A008E51C5 /* Child-3.json in Resources */,
				C3DBA9EC1B93FB9A008E51C5 /* Parent.json in Resources */,
				C3DBA9EA1B93FB9A008E51C5 /* Child-21.json in Resources */,
				C3DBA9E51B93FB9A008E51C5 /* Child-1.json in Resources */,
				C3DBA9E41B93FB9A008E51C5 /* Categories.json in Resources */,
			);
			runOnlyForDeploymentPostprocessing = 0;
		};
/* End PBXResourcesBuildPhase section */

/* Begin PBXSourcesBuildPhase section */
		C3E4EEE21B8C5F5100B275D8 /* Sources */ = {
			isa = PBXSourcesBuildPhase;
			buildActionMask = 2147483647;
			files = (
				C3DBA9F31B94053C008E51C5 /* BoundsImageVCtl.m in Sources */,
				C3DBA9F41B94053C008E51C5 /* CellAnimationVCtl.m in Sources */,
				C3DBA9F51B94053C008E51C5 /* ClassExtVCtl.m in Sources */,
				C3DBA9F61B94053C008E51C5 /* ColorImageVCtl.m in Sources */,
				C3DBA9F71B94053C008E51C5 /* LeftPushEffectVCtl.m in Sources */,
				C3DBA9F81B94053C008E51C5 /* LineViewVCtl.m in Sources */,
				C3DBA9F91B94053C008E51C5 /* NavRootVCtl.m in Sources */,
				C3DBA9FA1B94053C008E51C5 /* StarViewVCtl.m in Sources */,
				C3DBA9FB1B94053C008E51C5 /* TableExtVCtl.m in Sources */,
				C3DBA9FC1B94053C008E51C5 /* TreeVCtl.m in Sources */,
				C3FB0A0E1B945B1D0084C3A1 /* TableExtItemView.m in Sources */,
				C3DBA9FD1B94053C008E51C5 /* WebViewVCtl.m in Sources */,
				C3DBA9F21B93FF4A008E51C5 /* JSONKit.m in Sources */,
				C3E4EEEE1B8C5F5100B275D8 /* ViewController.swift in Sources */,
				C3FB0A171B9545B50084C3A1 /* FocusViewVCtl.m in Sources */,
				C3E4EEEC1B8C5F5100B275D8 /* AppDelegate.swift in Sources */,
			);
			runOnlyForDeploymentPostprocessing = 0;
		};
		C3E4EEF71B8C5F5100B275D8 /* Sources */ = {
			isa = PBXSourcesBuildPhase;
			buildActionMask = 2147483647;
			files = (
				C3E4EF021B8C5F5100B275D8 /* iwf_testTests.swift in Sources */,
				C3DBA9BC1B93FB61008E51C5 /* ColorImageVCtl.m in Sources */,
				C3DBA9BF1B93FB61008E51C5 /* NavRootVCtl.m in Sources */,
				C3DBA9BD1B93FB61008E51C5 /* LeftPushEffectVCtl.m in Sources */,
				C3DBA9BB1B93FB61008E51C5 /* ClassExtVCtl.m in Sources */,
				C3DBA9C21B93FB61008E51C5 /* TreeVCtl.m in Sources */,
				C3DBA9F11B93FE60008E51C5 /* JSONKit.m in Sources */,
				C3DBA9C31B93FB61008E51C5 /* WebViewVCtl.m in Sources */,
				C3DBA9BE1B93FB61008E51C5 /* LineViewVCtl.m in Sources */,
				C3DBA9C01B93FB61008E51C5 /* StarViewVCtl.m in Sources */,
				C3DBA9BA1B93FB61008E51C5 /* CellAnimationVCtl.m in Sources */,
				C3DBA9B91B93FB61008E51C5 /* BoundsImageVCtl.m in Sources */,
				C3DBA9C11B93FB61008E51C5 /* TableExtVCtl.m in Sources */,
			);
			runOnlyForDeploymentPostprocessing = 0;
		};
/* End PBXSourcesBuildPhase section */

/* Begin PBXTargetDependency section */
		C3E4EEFD1B8C5F5100B275D8 /* PBXTargetDependency */ = {
			isa = PBXTargetDependency;
			target = C3E4EEE51B8C5F5100B275D8 /* iwf-test */;
			targetProxy = C3E4EEFC1B8C5F5100B275D8 /* PBXContainerItemProxy */;
		};
/* End PBXTargetDependency section */

/* Begin PBXVariantGroup section */
		C3E4EEF41B8C5F5100B275D8 /* LaunchScreen.xib */ = {
			isa = PBXVariantGroup;
			children = (
				C3E4EEF51B8C5F5100B275D8 /* Base */,
			);
			name = LaunchScreen.xib;
			sourceTree = "<group>";
		};
/* End PBXVariantGroup section */

/* Begin XCBuildConfiguration section */
		C3E4EF031B8C5F5100B275D8 /* Debug */ = {
			isa = XCBuildConfiguration;
			buildSettings = {
				ALWAYS_SEARCH_USER_PATHS = NO;
				CLANG_CXX_LANGUAGE_STANDARD = "gnu++0x";
				CLANG_CXX_LIBRARY = "libc++";
				CLANG_ENABLE_MODULES = YES;
				CLANG_ENABLE_OBJC_ARC = YES;
				CLANG_WARN_BOOL_CONVERSION = YES;
				CLANG_WARN_CONSTANT_CONVERSION = YES;
				CLANG_WARN_DIRECT_OBJC_ISA_USAGE = YES_ERROR;
				CLANG_WARN_EMPTY_BODY = YES;
				CLANG_WARN_ENUM_CONVERSION = YES;
				CLANG_WARN_INT_CONVERSION = YES;
				CLANG_WARN_OBJC_ROOT_CLASS = YES_ERROR;
				CLANG_WARN_UNREACHABLE_CODE = YES;
				CLANG_WARN__DUPLICATE_METHOD_MATCH = YES;
				"CODE_SIGN_IDENTITY[sdk=iphoneos*]" = "iPhone Developer";
				COPY_PHASE_STRIP = NO;
				DEBUG_INFORMATION_FORMAT = "dwarf-with-dsym";
				ENABLE_STRICT_OBJC_MSGSEND = YES;
				GCC_C_LANGUAGE_STANDARD = gnu99;
				GCC_DYNAMIC_NO_PIC = NO;
				GCC_NO_COMMON_BLOCKS = YES;
				GCC_OPTIMIZATION_LEVEL = 0;
				GCC_PREPROCESSOR_DEFINITIONS = (
					"DEBUG=1",
					"$(inherited)",
				);
				GCC_SYMBOLS_PRIVATE_EXTERN = NO;
				GCC_WARN_64_TO_32_BIT_CONVERSION = YES;
				GCC_WARN_ABOUT_RETURN_TYPE = YES_ERROR;
				GCC_WARN_UNDECLARED_SELECTOR = YES;
				GCC_WARN_UNINITIALIZED_AUTOS = YES_AGGRESSIVE;
				GCC_WARN_UNUSED_FUNCTION = YES;
				GCC_WARN_UNUSED_VARIABLE = YES;
				IPHONEOS_DEPLOYMENT_TARGET = 8.4;
				MTL_ENABLE_DEBUG_INFO = YES;
				ONLY_ACTIVE_ARCH = YES;
				SDKROOT = iphoneos;
				SWIFT_OPTIMIZATION_LEVEL = "-Onone";
				TARGETED_DEVICE_FAMILY = "1,2";
			};
			name = Debug;
		};
		C3E4EF041B8C5F5100B275D8 /* Release */ = {
			isa = XCBuildConfiguration;
			buildSettings = {
				ALWAYS_SEARCH_USER_PATHS = NO;
				CLANG_CXX_LANGUAGE_STANDARD = "gnu++0x";
				CLANG_CXX_LIBRARY = "libc++";
				CLANG_ENABLE_MODULES = YES;
				CLANG_ENABLE_OBJC_ARC = YES;
				CLANG_WARN_BOOL_CONVERSION = YES;
				CLANG_WARN_CONSTANT_CONVERSION = YES;
				CLANG_WARN_DIRECT_OBJC_ISA_USAGE = YES_ERROR;
				CLANG_WARN_EMPTY_BODY = YES;
				CLANG_WARN_ENUM_CONVERSION = YES;
				CLANG_WARN_INT_CONVERSION = YES;
				CLANG_WARN_OBJC_ROOT_CLASS = YES_ERROR;
				CLANG_WARN_UNREACHABLE_CODE = YES;
				CLANG_WARN__DUPLICATE_METHOD_MATCH = YES;
				"CODE_SIGN_IDENTITY[sdk=iphoneos*]" = "iPhone Developer";
				COPY_PHASE_STRIP = NO;
				DEBUG_INFORMATION_FORMAT = "dwarf-with-dsym";
				ENABLE_NS_ASSERTIONS = NO;
				ENABLE_STRICT_OBJC_MSGSEND = YES;
				GCC_C_LANGUAGE_STANDARD = gnu99;
				GCC_NO_COMMON_BLOCKS = YES;
				GCC_WARN_64_TO_32_BIT_CONVERSION = YES;
				GCC_WARN_ABOUT_RETURN_TYPE = YES_ERROR;
				GCC_WARN_UNDECLARED_SELECTOR = YES;
				GCC_WARN_UNINITIALIZED_AUTOS = YES_AGGRESSIVE;
				GCC_WARN_UNUSED_FUNCTION = YES;
				GCC_WARN_UNUSED_VARIABLE = YES;
				IPHONEOS_DEPLOYMENT_TARGET = 8.4;
				MTL_ENABLE_DEBUG_INFO = NO;
				SDKROOT = iphoneos;
				TARGETED_DEVICE_FAMILY = "1,2";
				VALIDATE_PRODUCT = YES;
			};
			name = Release;
		};
		C3E4EF061B8C5F5100B275D8 /* Debug */ = {
			isa = XCBuildConfiguration;
			buildSettings = {
				ASSETCATALOG_COMPILER_APPICON_NAME = AppIcon;
				CLANG_ENABLE_MODULES = YES;
				INFOPLIST_FILE = "iwf-test/Info.plist";
				LD_RUNPATH_SEARCH_PATHS = "$(inherited) @executable_path/Frameworks";
				PRODUCT_NAME = "$(TARGET_NAME)";
				SWIFT_OBJC_BRIDGING_HEADER = "iwf-test/iwf-test-Bridging-Header.h";
				SWIFT_OPTIMIZATION_LEVEL = "-Onone";
				TARGETED_DEVICE_FAMILY = 1;
			};
			name = Debug;
		};
		C3E4EF071B8C5F5100B275D8 /* Release */ = {
			isa = XCBuildConfiguration;
			buildSettings = {
				ASSETCATALOG_COMPILER_APPICON_NAME = AppIcon;
				CLANG_ENABLE_MODULES = YES;
				INFOPLIST_FILE = "iwf-test/Info.plist";
				LD_RUNPATH_SEARCH_PATHS = "$(inherited) @executable_path/Frameworks";
				PRODUCT_NAME = "$(TARGET_NAME)";
				SWIFT_OBJC_BRIDGING_HEADER = "iwf-test/iwf-test-Bridging-Header.h";
				TARGETED_DEVICE_FAMILY = 1;
			};
			name = Release;
		};
		C3E4EF091B8C5F5100B275D8 /* Debug */ = {
			isa = XCBuildConfiguration;
			buildSettings = {
				BUNDLE_LOADER = "$(TEST_HOST)";
				FRAMEWORK_SEARCH_PATHS = (
					"$(SDKROOT)/Developer/Library/Frameworks",
					"$(inherited)",
				);
				GCC_PREPROCESSOR_DEFINITIONS = (
					"DEBUG=1",
					"$(inherited)",
				);
				INFOPLIST_FILE = "iwf-testTests/Info.plist";
				LD_RUNPATH_SEARCH_PATHS = "$(inherited) @executable_path/Frameworks @loader_path/Frameworks";
				PRODUCT_NAME = "$(TARGET_NAME)";
				TEST_HOST = "$(BUILT_PRODUCTS_DIR)/iwf-test.app/iwf-test";
			};
			name = Debug;
		};
		C3E4EF0A1B8C5F5100B275D8 /* Release */ = {
			isa = XCBuildConfiguration;
			buildSettings = {
				BUNDLE_LOADER = "$(TEST_HOST)";
				FRAMEWORK_SEARCH_PATHS = (
					"$(SDKROOT)/Developer/Library/Frameworks",
					"$(inherited)",
				);
				INFOPLIST_FILE = "iwf-testTests/Info.plist";
				LD_RUNPATH_SEARCH_PATHS = "$(inherited) @executable_path/Frameworks @loader_path/Frameworks";
				PRODUCT_NAME = "$(TARGET_NAME)";
				TEST_HOST = "$(BUILT_PRODUCTS_DIR)/iwf-test.app/iwf-test";
			};
			name = Release;
		};
/* End XCBuildConfiguration section */

/* Begin XCConfigurationList section */
		C3E4EEE11B8C5F5100B275D8 /* Build configuration list for PBXProject "iwf-test" */ = {
			isa = XCConfigurationList;
			buildConfigurations = (
				C3E4EF031B8C5F5100B275D8 /* Debug */,
				C3E4EF041B8C5F5100B275D8 /* Release */,
			);
			defaultConfigurationIsVisible = 0;
			defaultConfigurationName = Release;
		};
		C3E4EF051B8C5F5100B275D8 /* Build configuration list for PBXNativeTarget "iwf-test" */ = {
			isa = XCConfigurationList;
			buildConfigurations = (
				C3E4EF061B8C5F5100B275D8 /* Debug */,
				C3E4EF071B8C5F5100B275D8 /* Release */,
			);
			defaultConfigurationIsVisible = 0;
			defaultConfigurationName = Release;
		};
		C3E4EF081B8C5F5100B275D8 /* Build configuration list for PBXNativeTarget "iwf-testTests" */ = {
			isa = XCConfigurationList;
			buildConfigurations = (
				C3E4EF091B8C5F5100B275D8 /* Debug */,
				C3E4EF0A1B8C5F5100B275D8 /* Release */,
			);
			defaultConfigurationIsVisible = 0;
			defaultConfigurationName = Release;
		};
/* End XCConfigurationList section */
	};
	rootObject = C3E4EEDE1B8C5F5100B275D8 /* Project object */;
}
